{
    "version": 3,
    "terraform_version": "0.11.10",
    "serial": 59,
    "lineage": "b4484ec9-7d9c-1eef-d0d5-3e9e27dbd4b6",
    "modules": [
        {
            "path": [
                "root"
            ],
            "outputs": {},
            "resources": {
                "aws_autoscaling_group.machines": {
                    "type": "aws_autoscaling_group",
                    "depends_on": [
                        "aws_launch_configuration.worker-machine",
                        "aws_placement_group.spread",
                        "aws_subnet.private"
                    ],
                    "primary": {
                        "id": "Machine Servers",
                        "attributes": {
                            "arn": "arn:aws:autoscaling:us-east-1:101584550521:autoScalingGroup:afc0c18b-25d6-4a50-ae24-6bf9853d852a:autoScalingGroupName/Machine Servers",
                            "availability_zones.#": "1",
                            "availability_zones.3569565595": "us-east-1a",
                            "default_cooldown": "300",
                            "desired_capacity": "2",
                            "enabled_metrics.#": "0",
                            "force_delete": "true",
                            "health_check_grace_period": "300",
                            "health_check_type": "EC2",
                            "id": "Machine Servers",
                            "launch_configuration": "dawa-backend-server-20181104233108864800000001",
                            "launch_template.#": "0",
                            "load_balancers.#": "0",
                            "max_size": "5",
                            "metrics_granularity": "1Minute",
                            "min_size": "2",
                            "name": "Machine Servers",
                            "placement_group": "Web Servers",
                            "protect_from_scale_in": "false",
                            "service_linked_role_arn": "arn:aws:iam::101584550521:role/aws-service-role/autoscaling.amazonaws.com/AWSServiceRoleForAutoScaling",
                            "suspended_processes.#": "0",
                            "tag.#": "0",
                            "target_group_arns.#": "0",
                            "termination_policies.#": "0",
                            "vpc_zone_identifier.#": "1",
                            "vpc_zone_identifier.3644149348": "subnet-0bd4e8e47b09adf37",
                            "wait_for_capacity_timeout": "10m"
                        },
                        "meta": {
                            "e2bfb730-ecaa-11e6-8f88-34363bc7c4c0": {
                                "delete": 600000000000
                            }
                        },
                        "tainted": false
                    },
                    "deposed": [],
                    "provider": "provider.aws"
                },
                "aws_ecs_cluster.ecs-preprod": {
                    "type": "aws_ecs_cluster",
                    "depends_on": [],
                    "primary": {
                        "id": "arn:aws:ecs:us-east-1:101584550521:cluster/dawa-preprod",
                        "attributes": {
                            "arn": "arn:aws:ecs:us-east-1:101584550521:cluster/dawa-preprod",
                            "id": "arn:aws:ecs:us-east-1:101584550521:cluster/dawa-preprod",
                            "name": "dawa-preprod"
                        },
                        "meta": {},
                        "tainted": false
                    },
                    "deposed": [],
                    "provider": "provider.aws"
                },
                "aws_internet_gateway.InternetGateway": {
                    "type": "aws_internet_gateway",
                    "depends_on": [
                        "aws_vpc.dawa"
                    ],
                    "primary": {
                        "id": "igw-069273ac06abbe15f",
                        "attributes": {
                            "id": "igw-069273ac06abbe15f",
                            "tags.%": "1",
                            "tags.Name": "Dawa IG",
                            "vpc_id": "vpc-01f592c8c2828661a"
                        },
                        "meta": {},
                        "tainted": false
                    },
                    "deposed": [],
                    "provider": "provider.aws"
                },
                "aws_launch_configuration.web-machine": {
                    "type": "aws_launch_configuration",
                    "depends_on": [
                        "aws_security_group.admin",
                        "aws_security_group.localtraffic",
                        "aws_security_group.web"
                    ],
                    "primary": {
                        "id": "dawa-web-server-20181104233110981800000002",
                        "attributes": {
                            "associate_public_ip_address": "false",
                            "ebs_block_device.#": "0",
                            "ebs_optimized": "false",
                            "enable_monitoring": "true",
                            "ephemeral_block_device.#": "0",
                            "iam_instance_profile": "",
                            "id": "dawa-web-server-20181104233110981800000002",
                            "image_id": "ami-050202fb72f001b47",
                            "instance_type": "t2.micro",
                            "key_name": "Dawa",
                            "name": "dawa-web-server-20181104233110981800000002",
                            "name_prefix": "dawa-web-server-",
                            "root_block_device.#": "0",
                            "security_groups.#": "3",
                            "security_groups.260134051": "sg-0e2123222188c1327",
                            "security_groups.4290733635": "sg-0fb60917577f923fb",
                            "security_groups.979902101": "sg-0c7dfcdeed6a5404c",
                            "spot_price": "",
                            "vpc_classic_link_id": "",
                            "vpc_classic_link_security_groups.#": "0"
                        },
                        "meta": {},
                        "tainted": false
                    },
                    "deposed": [],
                    "provider": "provider.aws"
                },
                "aws_launch_configuration.worker-machine": {
                    "type": "aws_launch_configuration",
                    "depends_on": [
                        "aws_security_group.localtraffic"
                    ],
                    "primary": {
                        "id": "dawa-backend-server-20181104233108864800000001",
                        "attributes": {
                            "associate_public_ip_address": "false",
                            "ebs_block_device.#": "0",
                            "ebs_optimized": "false",
                            "enable_monitoring": "true",
                            "ephemeral_block_device.#": "0",
                            "iam_instance_profile": "",
                            "id": "dawa-backend-server-20181104233108864800000001",
                            "image_id": "ami-01b701d1a348a0d00",
                            "instance_type": "t2.micro",
                            "key_name": "Dawa",
                            "name": "dawa-backend-server-20181104233108864800000001",
                            "name_prefix": "dawa-backend-server-",
                            "root_block_device.#": "0",
                            "security_groups.#": "1",
                            "security_groups.4290733635": "sg-0fb60917577f923fb",
                            "spot_price": "",
                            "vpc_classic_link_id": "",
                            "vpc_classic_link_security_groups.#": "0"
                        },
                        "meta": {},
                        "tainted": false
                    },
                    "deposed": [],
                    "provider": "provider.aws"
                },
                "aws_lb.web": {
                    "type": "aws_lb",
                    "depends_on": [
                        "aws_subnet.public1",
                        "aws_subnet.public2"
                    ],
                    "primary": {
                        "id": "arn:aws:elasticloadbalancing:us-east-1:101584550521:loadbalancer/app/wu-tang/4f582fab63d07374",
                        "attributes": {
                            "access_logs.#": "0",
                            "arn": "arn:aws:elasticloadbalancing:us-east-1:101584550521:loadbalancer/app/wu-tang/4f582fab63d07374",
                            "arn_suffix": "app/wu-tang/4f582fab63d07374",
                            "dns_name": "wu-tang-635537202.us-east-1.elb.amazonaws.com",
                            "enable_deletion_protection": "false",
                            "enable_http2": "true",
                            "id": "arn:aws:elasticloadbalancing:us-east-1:101584550521:loadbalancer/app/wu-tang/4f582fab63d07374",
                            "idle_timeout": "60",
                            "internal": "false",
                            "ip_address_type": "ipv4",
                            "load_balancer_type": "application",
                            "name": "wu-tang",
                            "security_groups.#": "1",
                            "security_groups.2262242477": "sg-06bed1825af223b0c",
                            "subnet_mapping.#": "0",
                            "subnets.#": "2",
                            "subnets.1940999428": "subnet-0284513adb9dc8d77",
                            "subnets.2355990038": "subnet-04fe6531080167a69",
                            "tags.%": "1",
                            "tags.Name": "wu-tang",
                            "vpc_id": "vpc-01f592c8c2828661a",
                            "zone_id": "Z35SXDOTRQ7X7K"
                        },
                        "meta": {
                            "e2bfb730-ecaa-11e6-8f88-34363bc7c4c0": {
                                "create": 600000000000,
                                "delete": 600000000000,
                                "update": 600000000000
                            }
                        },
                        "tainted": false
                    },
                    "deposed": [],
                    "provider": "provider.aws"
                },
                "aws_placement_group.spread": {
                    "type": "aws_placement_group",
                    "depends_on": [],
                    "primary": {
                        "id": "Web Servers",
                        "attributes": {
                            "id": "Web Servers",
                            "name": "Web Servers",
                            "strategy": "spread"
                        },
                        "meta": {},
                        "tainted": false
                    },
                    "deposed": [],
                    "provider": "provider.aws"
                },
                "aws_route_table.web": {
                    "type": "aws_route_table",
                    "depends_on": [
                        "aws_internet_gateway.InternetGateway",
                        "aws_vpc.dawa"
                    ],
                    "primary": {
                        "id": "rtb-05a1974ef6d92fbcd",
                        "attributes": {
                            "id": "rtb-05a1974ef6d92fbcd",
                            "propagating_vgws.#": "0",
                            "route.#": "1",
                            "route.1787222186.cidr_block": "0.0.0.0/0",
                            "route.1787222186.egress_only_gateway_id": "",
                            "route.1787222186.gateway_id": "igw-069273ac06abbe15f",
                            "route.1787222186.instance_id": "",
                            "route.1787222186.ipv6_cidr_block": "",
                            "route.1787222186.nat_gateway_id": "",
                            "route.1787222186.network_interface_id": "",
                            "route.1787222186.vpc_peering_connection_id": "",
                            "tags.%": "0",
                            "vpc_id": "vpc-01f592c8c2828661a"
                        },
                        "meta": {},
                        "tainted": false
                    },
                    "deposed": [],
                    "provider": "provider.aws"
                },
                "aws_route_table_association.route-association1": {
                    "type": "aws_route_table_association",
                    "depends_on": [
                        "aws_route_table.web",
                        "aws_subnet.public1"
                    ],
                    "primary": {
                        "id": "rtbassoc-0e176bbf59dee9570",
                        "attributes": {
                            "id": "rtbassoc-0e176bbf59dee9570",
                            "route_table_id": "rtb-05a1974ef6d92fbcd",
                            "subnet_id": "subnet-04fe6531080167a69"
                        },
                        "meta": {},
                        "tainted": false
                    },
                    "deposed": [],
                    "provider": "provider.aws"
                },
                "aws_route_table_association.route-association2": {
                    "type": "aws_route_table_association",
                    "depends_on": [
                        "aws_route_table.web",
                        "aws_subnet.public2"
                    ],
                    "primary": {
                        "id": "rtbassoc-0f791105d982852a8",
                        "attributes": {
                            "id": "rtbassoc-0f791105d982852a8",
                            "route_table_id": "rtb-05a1974ef6d92fbcd",
                            "subnet_id": "subnet-0284513adb9dc8d77"
                        },
                        "meta": {},
                        "tainted": false
                    },
                    "deposed": [],
                    "provider": "provider.aws"
                },
                "aws_security_group.admin": {
                    "type": "aws_security_group",
                    "depends_on": [
                        "aws_vpc.dawa"
                    ],
                    "primary": {
                        "id": "sg-0e2123222188c1327",
                        "attributes": {
                            "arn": "arn:aws:ec2:us-east-1:101584550521:security-group/sg-0e2123222188c1327",
                            "description": "Managed by Terraform",
                            "egress.#": "0",
                            "id": "sg-0e2123222188c1327",
                            "ingress.#": "2",
                            "ingress.1799340084.cidr_blocks.#": "1",
                            "ingress.1799340084.cidr_blocks.0": "0.0.0.0/0",
                            "ingress.1799340084.description": "",
                            "ingress.1799340084.from_port": "-1",
                            "ingress.1799340084.ipv6_cidr_blocks.#": "0",
                            "ingress.1799340084.prefix_list_ids.#": "0",
                            "ingress.1799340084.protocol": "icmp",
                            "ingress.1799340084.security_groups.#": "0",
                            "ingress.1799340084.self": "false",
                            "ingress.1799340084.to_port": "-1",
                            "ingress.2223400681.cidr_blocks.#": "1",
                            "ingress.2223400681.cidr_blocks.0": "0.0.0.0/0",
                            "ingress.2223400681.description": "",
                            "ingress.2223400681.from_port": "3389",
                            "ingress.2223400681.ipv6_cidr_blocks.#": "0",
                            "ingress.2223400681.prefix_list_ids.#": "0",
                            "ingress.2223400681.protocol": "tcp",
                            "ingress.2223400681.security_groups.#": "0",
                            "ingress.2223400681.self": "false",
                            "ingress.2223400681.to_port": "3389",
                            "name": "Admin traffic",
                            "owner_id": "101584550521",
                            "revoke_rules_on_delete": "false",
                            "tags.%": "1",
                            "tags.Name": "Admin SG",
                            "vpc_id": "vpc-01f592c8c2828661a"
                        },
                        "meta": {
                            "e2bfb730-ecaa-11e6-8f88-34363bc7c4c0": {
                                "create": 600000000000,
                                "delete": 600000000000
                            },
                            "schema_version": "1"
                        },
                        "tainted": false
                    },
                    "deposed": [],
                    "provider": "provider.aws"
                },
                "aws_security_group.localtraffic": {
                    "type": "aws_security_group",
                    "depends_on": [
                        "aws_vpc.dawa"
                    ],
                    "primary": {
                        "id": "sg-0fb60917577f923fb",
                        "attributes": {
                            "arn": "arn:aws:ec2:us-east-1:101584550521:security-group/sg-0fb60917577f923fb",
                            "description": "Managed by Terraform",
                            "egress.#": "2",
                            "egress.1960698028.cidr_blocks.#": "1",
                            "egress.1960698028.cidr_blocks.0": "10.0.0.0/16",
                            "egress.1960698028.description": "",
                            "egress.1960698028.from_port": "0",
                            "egress.1960698028.ipv6_cidr_blocks.#": "0",
                            "egress.1960698028.prefix_list_ids.#": "0",
                            "egress.1960698028.protocol": "-1",
                            "egress.1960698028.security_groups.#": "0",
                            "egress.1960698028.self": "false",
                            "egress.1960698028.to_port": "0",
                            "egress.482069346.cidr_blocks.#": "1",
                            "egress.482069346.cidr_blocks.0": "0.0.0.0/0",
                            "egress.482069346.description": "",
                            "egress.482069346.from_port": "0",
                            "egress.482069346.ipv6_cidr_blocks.#": "0",
                            "egress.482069346.prefix_list_ids.#": "0",
                            "egress.482069346.protocol": "-1",
                            "egress.482069346.security_groups.#": "0",
                            "egress.482069346.self": "false",
                            "egress.482069346.to_port": "0",
                            "id": "sg-0fb60917577f923fb",
                            "ingress.#": "1",
                            "ingress.1960698028.cidr_blocks.#": "1",
                            "ingress.1960698028.cidr_blocks.0": "10.0.0.0/16",
                            "ingress.1960698028.description": "",
                            "ingress.1960698028.from_port": "0",
                            "ingress.1960698028.ipv6_cidr_blocks.#": "0",
                            "ingress.1960698028.prefix_list_ids.#": "0",
                            "ingress.1960698028.protocol": "-1",
                            "ingress.1960698028.security_groups.#": "0",
                            "ingress.1960698028.self": "false",
                            "ingress.1960698028.to_port": "0",
                            "name": "Local  allowed",
                            "owner_id": "101584550521",
                            "revoke_rules_on_delete": "false",
                            "tags.%": "1",
                            "tags.Name": "Local",
                            "vpc_id": "vpc-01f592c8c2828661a"
                        },
                        "meta": {
                            "e2bfb730-ecaa-11e6-8f88-34363bc7c4c0": {
                                "create": 600000000000,
                                "delete": 600000000000
                            },
                            "schema_version": "1"
                        },
                        "tainted": false
                    },
                    "deposed": [],
                    "provider": "provider.aws"
                },
                "aws_security_group.web": {
                    "type": "aws_security_group",
                    "depends_on": [
                        "aws_vpc.dawa"
                    ],
                    "primary": {
                        "id": "sg-0c7dfcdeed6a5404c",
                        "attributes": {
                            "arn": "arn:aws:ec2:us-east-1:101584550521:security-group/sg-0c7dfcdeed6a5404c",
                            "description": "Managed by Terraform",
                            "egress.#": "0",
                            "id": "sg-0c7dfcdeed6a5404c",
                            "ingress.#": "2",
                            "ingress.2214680975.cidr_blocks.#": "1",
                            "ingress.2214680975.cidr_blocks.0": "0.0.0.0/0",
                            "ingress.2214680975.description": "",
                            "ingress.2214680975.from_port": "80",
                            "ingress.2214680975.ipv6_cidr_blocks.#": "0",
                            "ingress.2214680975.prefix_list_ids.#": "0",
                            "ingress.2214680975.protocol": "tcp",
                            "ingress.2214680975.security_groups.#": "0",
                            "ingress.2214680975.self": "false",
                            "ingress.2214680975.to_port": "80",
                            "ingress.2617001939.cidr_blocks.#": "1",
                            "ingress.2617001939.cidr_blocks.0": "0.0.0.0/0",
                            "ingress.2617001939.description": "",
                            "ingress.2617001939.from_port": "443",
                            "ingress.2617001939.ipv6_cidr_blocks.#": "0",
                            "ingress.2617001939.prefix_list_ids.#": "0",
                            "ingress.2617001939.protocol": "tcp",
                            "ingress.2617001939.security_groups.#": "0",
                            "ingress.2617001939.self": "false",
                            "ingress.2617001939.to_port": "443",
                            "name": "Web traffic",
                            "owner_id": "101584550521",
                            "revoke_rules_on_delete": "false",
                            "tags.%": "1",
                            "tags.Name": "Web Server SG",
                            "vpc_id": "vpc-01f592c8c2828661a"
                        },
                        "meta": {
                            "e2bfb730-ecaa-11e6-8f88-34363bc7c4c0": {
                                "create": 600000000000,
                                "delete": 600000000000
                            },
                            "schema_version": "1"
                        },
                        "tainted": false
                    },
                    "deposed": [],
                    "provider": "provider.aws"
                },
                "aws_subnet.private": {
                    "type": "aws_subnet",
                    "depends_on": [
                        "aws_vpc.dawa"
                    ],
                    "primary": {
                        "id": "subnet-0bd4e8e47b09adf37",
                        "attributes": {
                            "arn": "arn:aws:ec2:us-east-1:101584550521:subnet/subnet-0bd4e8e47b09adf37",
                            "assign_ipv6_address_on_creation": "false",
                            "availability_zone": "us-east-1a",
                            "cidr_block": "10.0.3.0/24",
                            "id": "subnet-0bd4e8e47b09adf37",
                            "map_public_ip_on_launch": "false",
                            "tags.%": "1",
                            "tags.Name": "Dawa private Subnet",
                            "vpc_id": "vpc-01f592c8c2828661a"
                        },
                        "meta": {
                            "e2bfb730-ecaa-11e6-8f88-34363bc7c4c0": {
                                "create": 600000000000,
                                "delete": 600000000000
                            },
                            "schema_version": "1"
                        },
                        "tainted": false
                    },
                    "deposed": [],
                    "provider": "provider.aws"
                },
                "aws_subnet.public1": {
                    "type": "aws_subnet",
                    "depends_on": [
                        "aws_vpc.dawa"
                    ],
                    "primary": {
                        "id": "subnet-04fe6531080167a69",
                        "attributes": {
                            "arn": "arn:aws:ec2:us-east-1:101584550521:subnet/subnet-04fe6531080167a69",
                            "assign_ipv6_address_on_creation": "false",
                            "availability_zone": "us-east-1a",
                            "cidr_block": "10.0.1.0/24",
                            "id": "subnet-04fe6531080167a69",
                            "map_public_ip_on_launch": "false",
                            "tags.%": "1",
                            "tags.Name": "Dawa Web Servers Subnet",
                            "vpc_id": "vpc-01f592c8c2828661a"
                        },
                        "meta": {
                            "e2bfb730-ecaa-11e6-8f88-34363bc7c4c0": {
                                "create": 600000000000,
                                "delete": 600000000000
                            },
                            "schema_version": "1"
                        },
                        "tainted": false
                    },
                    "deposed": [],
                    "provider": "provider.aws"
                },
                "aws_subnet.public2": {
                    "type": "aws_subnet",
                    "depends_on": [
                        "aws_vpc.dawa"
                    ],
                    "primary": {
                        "id": "subnet-0284513adb9dc8d77",
                        "attributes": {
                            "arn": "arn:aws:ec2:us-east-1:101584550521:subnet/subnet-0284513adb9dc8d77",
                            "assign_ipv6_address_on_creation": "false",
                            "availability_zone": "us-east-1b",
                            "cidr_block": "10.0.2.0/24",
                            "id": "subnet-0284513adb9dc8d77",
                            "map_public_ip_on_launch": "false",
                            "tags.%": "1",
                            "tags.Name": "Dawa Web Servers Subnet",
                            "vpc_id": "vpc-01f592c8c2828661a"
                        },
                        "meta": {
                            "e2bfb730-ecaa-11e6-8f88-34363bc7c4c0": {
                                "create": 600000000000,
                                "delete": 600000000000
                            },
                            "schema_version": "1"
                        },
                        "tainted": false
                    },
                    "deposed": [],
                    "provider": "provider.aws"
                },
                "aws_vpc.dawa": {
                    "type": "aws_vpc",
                    "depends_on": [],
                    "primary": {
                        "id": "vpc-01f592c8c2828661a",
                        "attributes": {
                            "arn": "arn:aws:ec2:us-east-1:101584550521:vpc/vpc-01f592c8c2828661a",
                            "assign_generated_ipv6_cidr_block": "false",
                            "cidr_block": "10.0.0.0/16",
                            "default_network_acl_id": "acl-0b85b5afc49ec04eb",
                            "default_route_table_id": "rtb-0e501a5d21d807de3",
                            "default_security_group_id": "sg-06bed1825af223b0c",
                            "dhcp_options_id": "dopt-d9a6d8bc",
                            "enable_classiclink": "false",
                            "enable_classiclink_dns_support": "false",
                            "enable_dns_hostnames": "true",
                            "enable_dns_support": "true",
                            "id": "vpc-01f592c8c2828661a",
                            "instance_tenancy": "default",
                            "main_route_table_id": "rtb-0e501a5d21d807de3",
                            "tags.%": "1",
                            "tags.Name": "Dawa VPC"
                        },
                        "meta": {
                            "schema_version": "1"
                        },
                        "tainted": false
                    },
                    "deposed": [],
                    "provider": "provider.aws"
                }
            },
            "depends_on": []
        }
    ]
}
