{
    "version": 3,
    "terraform_version": "0.11.10",
    "serial": 31,
    "lineage": "b4484ec9-7d9c-1eef-d0d5-3e9e27dbd4b6",
    "modules": [
        {
            "path": [
                "root"
            ],
            "outputs": {},
            "resources": {
                "aws_ecs_cluster.ecs-preprod": {
                    "type": "aws_ecs_cluster",
                    "depends_on": [],
                    "primary": {
                        "id": "arn:aws:ecs:us-east-1:101584550521:cluster/dawa-preprod",
                        "attributes": {
                            "arn": "arn:aws:ecs:us-east-1:101584550521:cluster/dawa-preprod",
                            "id": "arn:aws:ecs:us-east-1:101584550521:cluster/dawa-preprod",
                            "name": "dawa-preprod"
                        },
                        "meta": {},
                        "tainted": false
                    },
                    "deposed": [],
                    "provider": "provider.aws"
                },
                "aws_eip.ip": {
                    "type": "aws_eip",
                    "depends_on": [
                        "aws_instance.webserver"
                    ],
                    "primary": {
                        "id": "eipalloc-0c166b6ce545e9b72",
                        "attributes": {
                            "association_id": "eipassoc-0df5df4e076da5b0a",
                            "domain": "vpc",
                            "id": "eipalloc-0c166b6ce545e9b72",
                            "instance": "i-0c425b09951959e4e",
                            "network_interface": "eni-0ddb90de7f85ea736",
                            "private_ip": "10.0.0.65",
                            "public_ip": "54.144.110.194",
                            "tags.%": "0",
                            "vpc": "true"
                        },
                        "meta": {
                            "e2bfb730-ecaa-11e6-8f88-34363bc7c4c0": {
                                "delete": 180000000000,
                                "read": 900000000000,
                                "update": 300000000000
                            }
                        },
                        "tainted": false
                    },
                    "deposed": [],
                    "provider": "provider.aws"
                },
                "aws_instance.nservicebus": {
                    "type": "aws_instance",
                    "depends_on": [
                        "aws_subnet.backend"
                    ],
                    "primary": {
                        "id": "i-05e35a53d5fe13a2c",
                        "attributes": {
                            "ami": "ami-01b701d1a348a0d00",
                            "arn": "arn:aws:ec2:us-east-1:101584550521:instance/i-05e35a53d5fe13a2c",
                            "associate_public_ip_address": "false",
                            "availability_zone": "us-east-1a",
                            "cpu_core_count": "1",
                            "cpu_threads_per_core": "1",
                            "credit_specification.#": "1",
                            "credit_specification.0.cpu_credits": "standard",
                            "disable_api_termination": "false",
                            "ebs_block_device.#": "0",
                            "ebs_optimized": "false",
                            "ephemeral_block_device.#": "0",
                            "get_password_data": "false",
                            "iam_instance_profile": "",
                            "id": "i-05e35a53d5fe13a2c",
                            "instance_state": "running",
                            "instance_type": "t2.micro",
                            "ipv6_addresses.#": "0",
                            "key_name": "Dawa",
                            "monitoring": "false",
                            "network_interface.#": "0",
                            "network_interface_id": "eni-0a466e270255688ad",
                            "password_data": "",
                            "placement_group": "",
                            "primary_network_interface_id": "eni-0a466e270255688ad",
                            "private_dns": "ip-10-0-1-205.ec2.internal",
                            "private_ip": "10.0.1.205",
                            "public_dns": "",
                            "public_ip": "",
                            "root_block_device.#": "1",
                            "root_block_device.0.delete_on_termination": "true",
                            "root_block_device.0.iops": "150",
                            "root_block_device.0.volume_id": "vol-00ceb2e1b7b1f248c",
                            "root_block_device.0.volume_size": "50",
                            "root_block_device.0.volume_type": "gp2",
                            "security_groups.#": "0",
                            "source_dest_check": "true",
                            "subnet_id": "subnet-0987e6455a6ca2ce4",
                            "tags.%": "1",
                            "tags.Name": "Dawa BackEnd Server",
                            "tenancy": "default",
                            "volume_tags.%": "0",
                            "vpc_security_group_ids.#": "1",
                            "vpc_security_group_ids.1131421178": "sg-0242f7b75945b54a4"
                        },
                        "meta": {
                            "e2bfb730-ecaa-11e6-8f88-34363bc7c4c0": {
                                "create": 600000000000,
                                "delete": 1200000000000,
                                "update": 600000000000
                            },
                            "schema_version": "1"
                        },
                        "tainted": false
                    },
                    "deposed": [],
                    "provider": "provider.aws"
                },
                "aws_instance.webserver": {
                    "type": "aws_instance",
                    "depends_on": [
                        "aws_security_group.admin",
                        "aws_security_group.web",
                        "aws_subnet.web"
                    ],
                    "primary": {
                        "id": "i-0c425b09951959e4e",
                        "attributes": {
                            "ami": "ami-01b701d1a348a0d00",
                            "arn": "arn:aws:ec2:us-east-1:101584550521:instance/i-0c425b09951959e4e",
                            "associate_public_ip_address": "false",
                            "availability_zone": "us-east-1a",
                            "cpu_core_count": "1",
                            "cpu_threads_per_core": "1",
                            "credit_specification.#": "1",
                            "credit_specification.0.cpu_credits": "standard",
                            "disable_api_termination": "false",
                            "ebs_block_device.#": "0",
                            "ebs_optimized": "false",
                            "ephemeral_block_device.#": "0",
                            "get_password_data": "false",
                            "iam_instance_profile": "",
                            "id": "i-0c425b09951959e4e",
                            "instance_state": "running",
                            "instance_type": "t2.micro",
                            "ipv6_addresses.#": "0",
                            "key_name": "Dawa",
                            "monitoring": "false",
                            "network_interface.#": "0",
                            "network_interface_id": "eni-0ddb90de7f85ea736",
                            "password_data": "",
                            "placement_group": "",
                            "primary_network_interface_id": "eni-0ddb90de7f85ea736",
                            "private_dns": "ip-10-0-0-65.ec2.internal",
                            "private_ip": "10.0.0.65",
                            "public_dns": "",
                            "public_ip": "",
                            "root_block_device.#": "1",
                            "root_block_device.0.delete_on_termination": "true",
                            "root_block_device.0.iops": "150",
                            "root_block_device.0.volume_id": "vol-094dc9994e5ac39c7",
                            "root_block_device.0.volume_size": "50",
                            "root_block_device.0.volume_type": "gp2",
                            "security_groups.#": "0",
                            "source_dest_check": "true",
                            "subnet_id": "subnet-0e81e2fbfc7b5b079",
                            "tags.%": "1",
                            "tags.Name": "Dawa Web Server",
                            "tenancy": "default",
                            "volume_tags.%": "0",
                            "vpc_security_group_ids.#": "2",
                            "vpc_security_group_ids.1043834027": "sg-0ccfb4eb975749f98",
                            "vpc_security_group_ids.3869122026": "sg-0cc864a3d317bcaaf"
                        },
                        "meta": {
                            "e2bfb730-ecaa-11e6-8f88-34363bc7c4c0": {
                                "create": 600000000000,
                                "delete": 1200000000000,
                                "update": 600000000000
                            },
                            "schema_version": "1"
                        },
                        "tainted": false
                    },
                    "deposed": [],
                    "provider": "provider.aws"
                },
                "aws_internet_gateway.InternetGateway": {
                    "type": "aws_internet_gateway",
                    "depends_on": [
                        "aws_vpc.dawa"
                    ],
                    "primary": {
                        "id": "igw-073cb48df7cab6752",
                        "attributes": {
                            "id": "igw-073cb48df7cab6752",
                            "tags.%": "1",
                            "tags.Name": "Dawa IG",
                            "vpc_id": "vpc-00e1220629e7778f5"
                        },
                        "meta": {},
                        "tainted": false
                    },
                    "deposed": [],
                    "provider": "provider.aws"
                },
                "aws_route_table.web": {
                    "type": "aws_route_table",
                    "depends_on": [
                        "aws_internet_gateway.InternetGateway",
                        "aws_vpc.dawa"
                    ],
                    "primary": {
                        "id": "rtb-0f393df354e76c923",
                        "attributes": {
                            "id": "rtb-0f393df354e76c923",
                            "propagating_vgws.#": "0",
                            "route.#": "1",
                            "route.2340055969.cidr_block": "0.0.0.0/0",
                            "route.2340055969.egress_only_gateway_id": "",
                            "route.2340055969.gateway_id": "igw-073cb48df7cab6752",
                            "route.2340055969.instance_id": "",
                            "route.2340055969.ipv6_cidr_block": "",
                            "route.2340055969.nat_gateway_id": "",
                            "route.2340055969.network_interface_id": "",
                            "route.2340055969.vpc_peering_connection_id": "",
                            "tags.%": "0",
                            "vpc_id": "vpc-00e1220629e7778f5"
                        },
                        "meta": {},
                        "tainted": false
                    },
                    "deposed": [],
                    "provider": "provider.aws"
                },
                "aws_route_table_association.route-association": {
                    "type": "aws_route_table_association",
                    "depends_on": [
                        "aws_route_table.web",
                        "aws_subnet.web"
                    ],
                    "primary": {
                        "id": "rtbassoc-050e9e26d2b180d64",
                        "attributes": {
                            "id": "rtbassoc-050e9e26d2b180d64",
                            "route_table_id": "rtb-0f393df354e76c923",
                            "subnet_id": "subnet-0e81e2fbfc7b5b079"
                        },
                        "meta": {},
                        "tainted": false
                    },
                    "deposed": [],
                    "provider": "provider.aws"
                },
                "aws_security_group.admin": {
                    "type": "aws_security_group",
                    "depends_on": [
                        "aws_vpc.dawa"
                    ],
                    "primary": {
                        "id": "sg-0ccfb4eb975749f98",
                        "attributes": {
                            "arn": "arn:aws:ec2:us-east-1:101584550521:security-group/sg-0ccfb4eb975749f98",
                            "description": "Managed by Terraform",
                            "egress.#": "0",
                            "id": "sg-0ccfb4eb975749f98",
                            "ingress.#": "1",
                            "ingress.1799340084.cidr_blocks.#": "1",
                            "ingress.1799340084.cidr_blocks.0": "0.0.0.0/0",
                            "ingress.1799340084.description": "",
                            "ingress.1799340084.from_port": "-1",
                            "ingress.1799340084.ipv6_cidr_blocks.#": "0",
                            "ingress.1799340084.prefix_list_ids.#": "0",
                            "ingress.1799340084.protocol": "icmp",
                            "ingress.1799340084.security_groups.#": "0",
                            "ingress.1799340084.self": "false",
                            "ingress.1799340084.to_port": "-1",
                            "name": "Admin traffic",
                            "owner_id": "101584550521",
                            "revoke_rules_on_delete": "false",
                            "tags.%": "1",
                            "tags.Name": "Admin SG",
                            "vpc_id": "vpc-00e1220629e7778f5"
                        },
                        "meta": {
                            "e2bfb730-ecaa-11e6-8f88-34363bc7c4c0": {
                                "create": 600000000000,
                                "delete": 600000000000
                            },
                            "schema_version": "1"
                        },
                        "tainted": false
                    },
                    "deposed": [],
                    "provider": "provider.aws"
                },
                "aws_security_group.web": {
                    "type": "aws_security_group",
                    "depends_on": [
                        "aws_vpc.dawa"
                    ],
                    "primary": {
                        "id": "sg-0cc864a3d317bcaaf",
                        "attributes": {
                            "arn": "arn:aws:ec2:us-east-1:101584550521:security-group/sg-0cc864a3d317bcaaf",
                            "description": "Managed by Terraform",
                            "egress.#": "0",
                            "id": "sg-0cc864a3d317bcaaf",
                            "ingress.#": "2",
                            "ingress.2214680975.cidr_blocks.#": "1",
                            "ingress.2214680975.cidr_blocks.0": "0.0.0.0/0",
                            "ingress.2214680975.description": "",
                            "ingress.2214680975.from_port": "80",
                            "ingress.2214680975.ipv6_cidr_blocks.#": "0",
                            "ingress.2214680975.prefix_list_ids.#": "0",
                            "ingress.2214680975.protocol": "tcp",
                            "ingress.2214680975.security_groups.#": "0",
                            "ingress.2214680975.self": "false",
                            "ingress.2214680975.to_port": "80",
                            "ingress.2617001939.cidr_blocks.#": "1",
                            "ingress.2617001939.cidr_blocks.0": "0.0.0.0/0",
                            "ingress.2617001939.description": "",
                            "ingress.2617001939.from_port": "443",
                            "ingress.2617001939.ipv6_cidr_blocks.#": "0",
                            "ingress.2617001939.prefix_list_ids.#": "0",
                            "ingress.2617001939.protocol": "tcp",
                            "ingress.2617001939.security_groups.#": "0",
                            "ingress.2617001939.self": "false",
                            "ingress.2617001939.to_port": "443",
                            "name": "Web traffic",
                            "owner_id": "101584550521",
                            "revoke_rules_on_delete": "false",
                            "tags.%": "1",
                            "tags.Name": "Web Server SG",
                            "vpc_id": "vpc-00e1220629e7778f5"
                        },
                        "meta": {
                            "e2bfb730-ecaa-11e6-8f88-34363bc7c4c0": {
                                "create": 600000000000,
                                "delete": 600000000000
                            },
                            "schema_version": "1"
                        },
                        "tainted": false
                    },
                    "deposed": [],
                    "provider": "provider.aws"
                },
                "aws_subnet.backend": {
                    "type": "aws_subnet",
                    "depends_on": [
                        "aws_vpc.dawa"
                    ],
                    "primary": {
                        "id": "subnet-0987e6455a6ca2ce4",
                        "attributes": {
                            "arn": "arn:aws:ec2:us-east-1:101584550521:subnet/subnet-0987e6455a6ca2ce4",
                            "assign_ipv6_address_on_creation": "false",
                            "availability_zone": "us-east-1a",
                            "cidr_block": "10.0.1.0/24",
                            "id": "subnet-0987e6455a6ca2ce4",
                            "map_public_ip_on_launch": "false",
                            "tags.%": "1",
                            "tags.Name": "Dawa backend Subnet",
                            "vpc_id": "vpc-00e1220629e7778f5"
                        },
                        "meta": {
                            "e2bfb730-ecaa-11e6-8f88-34363bc7c4c0": {
                                "create": 600000000000,
                                "delete": 600000000000
                            },
                            "schema_version": "1"
                        },
                        "tainted": false
                    },
                    "deposed": [],
                    "provider": "provider.aws"
                },
                "aws_subnet.web": {
                    "type": "aws_subnet",
                    "depends_on": [
                        "aws_vpc.dawa"
                    ],
                    "primary": {
                        "id": "subnet-0e81e2fbfc7b5b079",
                        "attributes": {
                            "arn": "arn:aws:ec2:us-east-1:101584550521:subnet/subnet-0e81e2fbfc7b5b079",
                            "assign_ipv6_address_on_creation": "false",
                            "availability_zone": "us-east-1a",
                            "cidr_block": "10.0.0.0/24",
                            "id": "subnet-0e81e2fbfc7b5b079",
                            "map_public_ip_on_launch": "false",
                            "tags.%": "1",
                            "tags.Name": "Dawa Web Servers Subnet",
                            "vpc_id": "vpc-00e1220629e7778f5"
                        },
                        "meta": {
                            "e2bfb730-ecaa-11e6-8f88-34363bc7c4c0": {
                                "create": 600000000000,
                                "delete": 600000000000
                            },
                            "schema_version": "1"
                        },
                        "tainted": false
                    },
                    "deposed": [],
                    "provider": "provider.aws"
                },
                "aws_vpc.dawa": {
                    "type": "aws_vpc",
                    "depends_on": [],
                    "primary": {
                        "id": "vpc-00e1220629e7778f5",
                        "attributes": {
                            "arn": "arn:aws:ec2:us-east-1:101584550521:vpc/vpc-00e1220629e7778f5",
                            "assign_generated_ipv6_cidr_block": "false",
                            "cidr_block": "10.0.0.0/16",
                            "default_network_acl_id": "acl-0c55abff5ba123422",
                            "default_route_table_id": "rtb-01e1cb0838b73aaa9",
                            "default_security_group_id": "sg-0242f7b75945b54a4",
                            "dhcp_options_id": "dopt-d9a6d8bc",
                            "enable_classiclink": "false",
                            "enable_classiclink_dns_support": "false",
                            "enable_dns_hostnames": "false",
                            "enable_dns_support": "true",
                            "id": "vpc-00e1220629e7778f5",
                            "instance_tenancy": "default",
                            "main_route_table_id": "rtb-01e1cb0838b73aaa9",
                            "tags.%": "1",
                            "tags.Name": "Dawa VPC"
                        },
                        "meta": {
                            "schema_version": "1"
                        },
                        "tainted": false
                    },
                    "deposed": [],
                    "provider": "provider.aws"
                }
            },
            "depends_on": []
        }
    ]
}
