{
    "version": 3,
    "terraform_version": "0.11.10",
    "serial": 80,
    "lineage": "b4484ec9-7d9c-1eef-d0d5-3e9e27dbd4b6",
    "modules": [
        {
            "path": [
                "root"
            ],
            "outputs": {
                "ip": {
                    "sensitive": false,
                    "type": "string",
                    "value": "dawa"
                }
            },
            "resources": {
                "aws_autoscaling_attachment.webserver_attachement": {
                    "type": "aws_autoscaling_attachment",
                    "depends_on": [
                        "aws_autoscaling_group.webservers",
                        "aws_lb_target_group.webservers"
                    ],
                    "primary": {
                        "id": "webservers-20181106225942769800000004",
                        "attributes": {
                            "alb_target_group_arn": "arn:aws:elasticloadbalancing:us-east-1:101584550521:targetgroup/web-20181106225848347500000001/4f265145b9ef9e22",
                            "autoscaling_group_name": "webservers",
                            "id": "webservers-20181106225942769800000004"
                        },
                        "meta": {},
                        "tainted": false
                    },
                    "deposed": [],
                    "provider": "provider.aws"
                },
                "aws_autoscaling_group.machines": {
                    "type": "aws_autoscaling_group",
                    "depends_on": [
                        "aws_launch_configuration.worker-machine",
                        "aws_placement_group.spread",
                        "aws_subnet.private1",
                        "aws_subnet.private2"
                    ],
                    "primary": {
                        "id": "Machine Servers",
                        "attributes": {
                            "arn": "arn:aws:autoscaling:us-east-1:101584550521:autoScalingGroup:99a041d8-9e51-4313-96ef-1aa46555f5dd:autoScalingGroupName/Machine Servers",
                            "availability_zones.#": "1",
                            "availability_zones.3569565595": "us-east-1a",
                            "default_cooldown": "300",
                            "desired_capacity": "0",
                            "enabled_metrics.#": "0",
                            "force_delete": "false",
                            "health_check_grace_period": "300",
                            "health_check_type": "EC2",
                            "id": "Machine Servers",
                            "launch_configuration": "dawa-backend-server-20181106225857148900000003",
                            "launch_template.#": "0",
                            "load_balancers.#": "0",
                            "max_size": "5",
                            "metrics_granularity": "1Minute",
                            "min_size": "0",
                            "name": "Machine Servers",
                            "placement_group": "Spread Servers",
                            "protect_from_scale_in": "false",
                            "service_linked_role_arn": "arn:aws:iam::101584550521:role/aws-service-role/autoscaling.amazonaws.com/AWSServiceRoleForAutoScaling",
                            "suspended_processes.#": "0",
                            "tag.#": "0",
                            "target_group_arns.#": "0",
                            "termination_policies.#": "0",
                            "vpc_zone_identifier.#": "2",
                            "vpc_zone_identifier.3842476362": "subnet-0518714e2f9308d6e",
                            "vpc_zone_identifier.828267116": "subnet-0e6e0c7d9a7ab67a1",
                            "wait_for_capacity_timeout": "10m"
                        },
                        "meta": {
                            "e2bfb730-ecaa-11e6-8f88-34363bc7c4c0": {
                                "delete": 600000000000
                            }
                        },
                        "tainted": false
                    },
                    "deposed": [],
                    "provider": "provider.aws"
                },
                "aws_autoscaling_group.webservers": {
                    "type": "aws_autoscaling_group",
                    "depends_on": [
                        "aws_launch_configuration.web-machine",
                        "aws_placement_group.spread",
                        "aws_subnet.public1",
                        "aws_subnet.public2"
                    ],
                    "primary": {
                        "id": "webservers",
                        "attributes": {
                            "arn": "arn:aws:autoscaling:us-east-1:101584550521:autoScalingGroup:c50822d5-5fcb-46a7-87f2-058320d869b2:autoScalingGroupName/webservers",
                            "availability_zones.#": "2",
                            "availability_zones.1305112097": "us-east-1b",
                            "availability_zones.3569565595": "us-east-1a",
                            "default_cooldown": "300",
                            "desired_capacity": "0",
                            "enabled_metrics.#": "0",
                            "force_delete": "false",
                            "health_check_grace_period": "300",
                            "health_check_type": "EC2",
                            "id": "webservers",
                            "launch_configuration": "dawa-web-server-20181106225857095400000002",
                            "launch_template.#": "0",
                            "load_balancers.#": "0",
                            "max_size": "0",
                            "metrics_granularity": "1Minute",
                            "min_size": "0",
                            "name": "webservers",
                            "placement_group": "Spread Servers",
                            "protect_from_scale_in": "false",
                            "service_linked_role_arn": "arn:aws:iam::101584550521:role/aws-service-role/autoscaling.amazonaws.com/AWSServiceRoleForAutoScaling",
                            "suspended_processes.#": "0",
                            "tag.#": "0",
                            "target_group_arns.#": "1",
                            "target_group_arns.4098763311": "arn:aws:elasticloadbalancing:us-east-1:101584550521:targetgroup/web-20181106225848347500000001/4f265145b9ef9e22",
                            "termination_policies.#": "0",
                            "vpc_zone_identifier.#": "2",
                            "vpc_zone_identifier.103335218": "subnet-025e304d59cf223dd",
                            "vpc_zone_identifier.4088736260": "subnet-04b5f6104a0de178b",
                            "wait_for_capacity_timeout": "10m"
                        },
                        "meta": {
                            "e2bfb730-ecaa-11e6-8f88-34363bc7c4c0": {
                                "delete": 600000000000
                            }
                        },
                        "tainted": false
                    },
                    "deposed": [],
                    "provider": "provider.aws"
                },
                "aws_ecr_repository.ecr": {
                    "type": "aws_ecr_repository",
                    "depends_on": [],
                    "primary": {
                        "id": "dawa",
                        "attributes": {
                            "arn": "arn:aws:ecr:us-east-1:101584550521:repository/dawa",
                            "id": "dawa",
                            "name": "dawa",
                            "registry_id": "101584550521",
                            "repository_url": "101584550521.dkr.ecr.us-east-1.amazonaws.com/dawa"
                        },
                        "meta": {
                            "e2bfb730-ecaa-11e6-8f88-34363bc7c4c0": {
                                "delete": 1200000000000
                            }
                        },
                        "tainted": false
                    },
                    "deposed": [],
                    "provider": "provider.aws"
                },
                "aws_ecs_cluster.ecs-preprod": {
                    "type": "aws_ecs_cluster",
                    "depends_on": [],
                    "primary": {
                        "id": "arn:aws:ecs:us-east-1:101584550521:cluster/Dawa-preprod",
                        "attributes": {
                            "arn": "arn:aws:ecs:us-east-1:101584550521:cluster/Dawa-preprod",
                            "id": "arn:aws:ecs:us-east-1:101584550521:cluster/Dawa-preprod",
                            "name": "Dawa-preprod"
                        },
                        "meta": {},
                        "tainted": false
                    },
                    "deposed": [],
                    "provider": "provider.aws"
                },
                "aws_internet_gateway.InternetGateway": {
                    "type": "aws_internet_gateway",
                    "depends_on": [
                        "aws_vpc.vpc"
                    ],
                    "primary": {
                        "id": "igw-085fa789ff359128b",
                        "attributes": {
                            "id": "igw-085fa789ff359128b",
                            "tags.%": "1",
                            "tags.Name": "Dawa IG",
                            "vpc_id": "vpc-0138a08e80c788fdc"
                        },
                        "meta": {},
                        "tainted": false
                    },
                    "deposed": [],
                    "provider": "provider.aws"
                },
                "aws_launch_configuration.web-machine": {
                    "type": "aws_launch_configuration",
                    "depends_on": [
                        "aws_security_group.admin",
                        "aws_security_group.localtraffic",
                        "aws_security_group.web"
                    ],
                    "primary": {
                        "id": "dawa-web-server-20181106225857095400000002",
                        "attributes": {
                            "associate_public_ip_address": "false",
                            "ebs_block_device.#": "0",
                            "ebs_optimized": "false",
                            "enable_monitoring": "true",
                            "ephemeral_block_device.#": "0",
                            "iam_instance_profile": "",
                            "id": "dawa-web-server-20181106225857095400000002",
                            "image_id": "ami-050202fb72f001b47",
                            "instance_type": "t2.micro",
                            "key_name": "Dawa",
                            "name": "dawa-web-server-20181106225857095400000002",
                            "name_prefix": "dawa-web-server-",
                            "root_block_device.#": "0",
                            "security_groups.#": "3",
                            "security_groups.1081937006": "sg-0459a6f6896a12fe0",
                            "security_groups.1804730726": "sg-00a7c5ed9b72c9455",
                            "security_groups.772730938": "sg-0093d807a4c39a0f9",
                            "spot_price": "",
                            "vpc_classic_link_id": "",
                            "vpc_classic_link_security_groups.#": "0"
                        },
                        "meta": {},
                        "tainted": false
                    },
                    "deposed": [],
                    "provider": "provider.aws"
                },
                "aws_launch_configuration.worker-machine": {
                    "type": "aws_launch_configuration",
                    "depends_on": [
                        "aws_security_group.localtraffic"
                    ],
                    "primary": {
                        "id": "dawa-backend-server-20181106225857148900000003",
                        "attributes": {
                            "associate_public_ip_address": "false",
                            "ebs_block_device.#": "0",
                            "ebs_optimized": "false",
                            "enable_monitoring": "true",
                            "ephemeral_block_device.#": "0",
                            "iam_instance_profile": "",
                            "id": "dawa-backend-server-20181106225857148900000003",
                            "image_id": "ami-01b701d1a348a0d00",
                            "instance_type": "t2.micro",
                            "key_name": "Dawa",
                            "name": "dawa-backend-server-20181106225857148900000003",
                            "name_prefix": "dawa-backend-server-",
                            "root_block_device.#": "0",
                            "security_groups.#": "1",
                            "security_groups.1081937006": "sg-0459a6f6896a12fe0",
                            "spot_price": "",
                            "vpc_classic_link_id": "",
                            "vpc_classic_link_security_groups.#": "0"
                        },
                        "meta": {},
                        "tainted": false
                    },
                    "deposed": [],
                    "provider": "provider.aws"
                },
                "aws_lb.web": {
                    "type": "aws_lb",
                    "depends_on": [
                        "aws_subnet.public1",
                        "aws_subnet.public2"
                    ],
                    "primary": {
                        "id": "arn:aws:elasticloadbalancing:us-east-1:101584550521:loadbalancer/app/web/03ad3d786d65aafe",
                        "attributes": {
                            "access_logs.#": "0",
                            "arn": "arn:aws:elasticloadbalancing:us-east-1:101584550521:loadbalancer/app/web/03ad3d786d65aafe",
                            "arn_suffix": "app/web/03ad3d786d65aafe",
                            "dns_name": "web-2026555595.us-east-1.elb.amazonaws.com",
                            "enable_deletion_protection": "false",
                            "enable_http2": "true",
                            "id": "arn:aws:elasticloadbalancing:us-east-1:101584550521:loadbalancer/app/web/03ad3d786d65aafe",
                            "idle_timeout": "60",
                            "internal": "false",
                            "ip_address_type": "ipv4",
                            "load_balancer_type": "application",
                            "name": "web",
                            "security_groups.#": "1",
                            "security_groups.3386841414": "sg-0f820cf4b4d5a8c80",
                            "subnet_mapping.#": "0",
                            "subnets.#": "2",
                            "subnets.103335218": "subnet-025e304d59cf223dd",
                            "subnets.4088736260": "subnet-04b5f6104a0de178b",
                            "tags.%": "1",
                            "tags.Name": "Web traffic Lb",
                            "vpc_id": "vpc-0138a08e80c788fdc",
                            "zone_id": "Z35SXDOTRQ7X7K"
                        },
                        "meta": {
                            "e2bfb730-ecaa-11e6-8f88-34363bc7c4c0": {
                                "create": 600000000000,
                                "delete": 600000000000,
                                "update": 600000000000
                            }
                        },
                        "tainted": false
                    },
                    "deposed": [],
                    "provider": "provider.aws"
                },
                "aws_lb_listener.web": {
                    "type": "aws_lb_listener",
                    "depends_on": [
                        "aws_lb.web",
                        "aws_lb_target_group.webservers"
                    ],
                    "primary": {
                        "id": "arn:aws:elasticloadbalancing:us-east-1:101584550521:listener/app/web/03ad3d786d65aafe/60490db65e7dac43",
                        "attributes": {
                            "arn": "arn:aws:elasticloadbalancing:us-east-1:101584550521:listener/app/web/03ad3d786d65aafe/60490db65e7dac43",
                            "default_action.#": "1",
                            "default_action.0.authenticate_cognito.#": "0",
                            "default_action.0.authenticate_oidc.#": "0",
                            "default_action.0.fixed_response.#": "0",
                            "default_action.0.order": "1",
                            "default_action.0.redirect.#": "0",
                            "default_action.0.target_group_arn": "arn:aws:elasticloadbalancing:us-east-1:101584550521:targetgroup/web-20181106225848347500000001/4f265145b9ef9e22",
                            "default_action.0.type": "forward",
                            "id": "arn:aws:elasticloadbalancing:us-east-1:101584550521:listener/app/web/03ad3d786d65aafe/60490db65e7dac43",
                            "load_balancer_arn": "arn:aws:elasticloadbalancing:us-east-1:101584550521:loadbalancer/app/web/03ad3d786d65aafe",
                            "port": "80",
                            "protocol": "HTTP",
                            "ssl_policy": ""
                        },
                        "meta": {
                            "e2bfb730-ecaa-11e6-8f88-34363bc7c4c0": {
                                "read": 600000000000
                            }
                        },
                        "tainted": false
                    },
                    "deposed": [],
                    "provider": "provider.aws"
                },
                "aws_lb_target_group.webservers": {
                    "type": "aws_lb_target_group",
                    "depends_on": [
                        "aws_vpc.vpc"
                    ],
                    "primary": {
                        "id": "arn:aws:elasticloadbalancing:us-east-1:101584550521:targetgroup/web-20181106225848347500000001/4f265145b9ef9e22",
                        "attributes": {
                            "arn": "arn:aws:elasticloadbalancing:us-east-1:101584550521:targetgroup/web-20181106225848347500000001/4f265145b9ef9e22",
                            "arn_suffix": "targetgroup/web-20181106225848347500000001/4f265145b9ef9e22",
                            "deregistration_delay": "300",
                            "health_check.#": "1",
                            "health_check.0.healthy_threshold": "5",
                            "health_check.0.interval": "30",
                            "health_check.0.matcher": "200",
                            "health_check.0.path": "/",
                            "health_check.0.port": "traffic-port",
                            "health_check.0.protocol": "HTTP",
                            "health_check.0.timeout": "5",
                            "health_check.0.unhealthy_threshold": "2",
                            "id": "arn:aws:elasticloadbalancing:us-east-1:101584550521:targetgroup/web-20181106225848347500000001/4f265145b9ef9e22",
                            "name": "web-20181106225848347500000001",
                            "name_prefix": "web-",
                            "port": "80",
                            "protocol": "HTTP",
                            "proxy_protocol_v2": "false",
                            "slow_start": "0",
                            "stickiness.#": "1",
                            "stickiness.0.cookie_duration": "86400",
                            "stickiness.0.enabled": "false",
                            "stickiness.0.type": "lb_cookie",
                            "tags.%": "0",
                            "target_type": "instance",
                            "vpc_id": "vpc-0138a08e80c788fdc"
                        },
                        "meta": {},
                        "tainted": false
                    },
                    "deposed": [],
                    "provider": "provider.aws"
                },
                "aws_placement_group.spread": {
                    "type": "aws_placement_group",
                    "depends_on": [],
                    "primary": {
                        "id": "Spread Servers",
                        "attributes": {
                            "id": "Spread Servers",
                            "name": "Spread Servers",
                            "strategy": "spread"
                        },
                        "meta": {},
                        "tainted": false
                    },
                    "deposed": [],
                    "provider": "provider.aws"
                },
                "aws_route_table.web": {
                    "type": "aws_route_table",
                    "depends_on": [
                        "aws_internet_gateway.InternetGateway",
                        "aws_vpc.vpc"
                    ],
                    "primary": {
                        "id": "rtb-07a4e197c613a1148",
                        "attributes": {
                            "id": "rtb-07a4e197c613a1148",
                            "propagating_vgws.#": "0",
                            "route.#": "1",
                            "route.3311661847.cidr_block": "0.0.0.0/0",
                            "route.3311661847.egress_only_gateway_id": "",
                            "route.3311661847.gateway_id": "igw-085fa789ff359128b",
                            "route.3311661847.instance_id": "",
                            "route.3311661847.ipv6_cidr_block": "",
                            "route.3311661847.nat_gateway_id": "",
                            "route.3311661847.network_interface_id": "",
                            "route.3311661847.vpc_peering_connection_id": "",
                            "tags.%": "0",
                            "vpc_id": "vpc-0138a08e80c788fdc"
                        },
                        "meta": {},
                        "tainted": false
                    },
                    "deposed": [],
                    "provider": "provider.aws"
                },
                "aws_route_table_association.route-association1": {
                    "type": "aws_route_table_association",
                    "depends_on": [
                        "aws_route_table.web",
                        "aws_subnet.public1"
                    ],
                    "primary": {
                        "id": "rtbassoc-0767d2e0079f9c950",
                        "attributes": {
                            "id": "rtbassoc-0767d2e0079f9c950",
                            "route_table_id": "rtb-07a4e197c613a1148",
                            "subnet_id": "subnet-025e304d59cf223dd"
                        },
                        "meta": {},
                        "tainted": false
                    },
                    "deposed": [],
                    "provider": "provider.aws"
                },
                "aws_route_table_association.route-association2": {
                    "type": "aws_route_table_association",
                    "depends_on": [
                        "aws_route_table.web",
                        "aws_subnet.public2"
                    ],
                    "primary": {
                        "id": "rtbassoc-02a95f1eacf9fe2fe",
                        "attributes": {
                            "id": "rtbassoc-02a95f1eacf9fe2fe",
                            "route_table_id": "rtb-07a4e197c613a1148",
                            "subnet_id": "subnet-04b5f6104a0de178b"
                        },
                        "meta": {},
                        "tainted": false
                    },
                    "deposed": [],
                    "provider": "provider.aws"
                },
                "aws_security_group.admin": {
                    "type": "aws_security_group",
                    "depends_on": [
                        "aws_vpc.vpc"
                    ],
                    "primary": {
                        "id": "sg-00a7c5ed9b72c9455",
                        "attributes": {
                            "arn": "arn:aws:ec2:us-east-1:101584550521:security-group/sg-00a7c5ed9b72c9455",
                            "description": "Managed by Terraform",
                            "egress.#": "0",
                            "id": "sg-00a7c5ed9b72c9455",
                            "ingress.#": "2",
                            "ingress.1799340084.cidr_blocks.#": "1",
                            "ingress.1799340084.cidr_blocks.0": "0.0.0.0/0",
                            "ingress.1799340084.description": "",
                            "ingress.1799340084.from_port": "-1",
                            "ingress.1799340084.ipv6_cidr_blocks.#": "0",
                            "ingress.1799340084.prefix_list_ids.#": "0",
                            "ingress.1799340084.protocol": "icmp",
                            "ingress.1799340084.security_groups.#": "0",
                            "ingress.1799340084.self": "false",
                            "ingress.1799340084.to_port": "-1",
                            "ingress.2223400681.cidr_blocks.#": "1",
                            "ingress.2223400681.cidr_blocks.0": "0.0.0.0/0",
                            "ingress.2223400681.description": "",
                            "ingress.2223400681.from_port": "3389",
                            "ingress.2223400681.ipv6_cidr_blocks.#": "0",
                            "ingress.2223400681.prefix_list_ids.#": "0",
                            "ingress.2223400681.protocol": "tcp",
                            "ingress.2223400681.security_groups.#": "0",
                            "ingress.2223400681.self": "false",
                            "ingress.2223400681.to_port": "3389",
                            "name": "Admin traffic",
                            "owner_id": "101584550521",
                            "revoke_rules_on_delete": "false",
                            "tags.%": "1",
                            "tags.Name": "Admin SG",
                            "vpc_id": "vpc-0138a08e80c788fdc"
                        },
                        "meta": {
                            "e2bfb730-ecaa-11e6-8f88-34363bc7c4c0": {
                                "create": 600000000000,
                                "delete": 600000000000
                            },
                            "schema_version": "1"
                        },
                        "tainted": false
                    },
                    "deposed": [],
                    "provider": "provider.aws"
                },
                "aws_security_group.localtraffic": {
                    "type": "aws_security_group",
                    "depends_on": [
                        "aws_vpc.vpc"
                    ],
                    "primary": {
                        "id": "sg-0459a6f6896a12fe0",
                        "attributes": {
                            "arn": "arn:aws:ec2:us-east-1:101584550521:security-group/sg-0459a6f6896a12fe0",
                            "description": "Managed by Terraform",
                            "egress.#": "2",
                            "egress.1960698028.cidr_blocks.#": "1",
                            "egress.1960698028.cidr_blocks.0": "10.0.0.0/16",
                            "egress.1960698028.description": "",
                            "egress.1960698028.from_port": "0",
                            "egress.1960698028.ipv6_cidr_blocks.#": "0",
                            "egress.1960698028.prefix_list_ids.#": "0",
                            "egress.1960698028.protocol": "-1",
                            "egress.1960698028.security_groups.#": "0",
                            "egress.1960698028.self": "false",
                            "egress.1960698028.to_port": "0",
                            "egress.482069346.cidr_blocks.#": "1",
                            "egress.482069346.cidr_blocks.0": "0.0.0.0/0",
                            "egress.482069346.description": "",
                            "egress.482069346.from_port": "0",
                            "egress.482069346.ipv6_cidr_blocks.#": "0",
                            "egress.482069346.prefix_list_ids.#": "0",
                            "egress.482069346.protocol": "-1",
                            "egress.482069346.security_groups.#": "0",
                            "egress.482069346.self": "false",
                            "egress.482069346.to_port": "0",
                            "id": "sg-0459a6f6896a12fe0",
                            "ingress.#": "1",
                            "ingress.1960698028.cidr_blocks.#": "1",
                            "ingress.1960698028.cidr_blocks.0": "10.0.0.0/16",
                            "ingress.1960698028.description": "",
                            "ingress.1960698028.from_port": "0",
                            "ingress.1960698028.ipv6_cidr_blocks.#": "0",
                            "ingress.1960698028.prefix_list_ids.#": "0",
                            "ingress.1960698028.protocol": "-1",
                            "ingress.1960698028.security_groups.#": "0",
                            "ingress.1960698028.self": "false",
                            "ingress.1960698028.to_port": "0",
                            "name": "Local  allowed",
                            "owner_id": "101584550521",
                            "revoke_rules_on_delete": "false",
                            "tags.%": "1",
                            "tags.Name": "Local",
                            "vpc_id": "vpc-0138a08e80c788fdc"
                        },
                        "meta": {
                            "e2bfb730-ecaa-11e6-8f88-34363bc7c4c0": {
                                "create": 600000000000,
                                "delete": 600000000000
                            },
                            "schema_version": "1"
                        },
                        "tainted": false
                    },
                    "deposed": [],
                    "provider": "provider.aws"
                },
                "aws_security_group.web": {
                    "type": "aws_security_group",
                    "depends_on": [
                        "aws_vpc.vpc"
                    ],
                    "primary": {
                        "id": "sg-0093d807a4c39a0f9",
                        "attributes": {
                            "arn": "arn:aws:ec2:us-east-1:101584550521:security-group/sg-0093d807a4c39a0f9",
                            "description": "Managed by Terraform",
                            "egress.#": "0",
                            "id": "sg-0093d807a4c39a0f9",
                            "ingress.#": "2",
                            "ingress.2214680975.cidr_blocks.#": "1",
                            "ingress.2214680975.cidr_blocks.0": "0.0.0.0/0",
                            "ingress.2214680975.description": "",
                            "ingress.2214680975.from_port": "80",
                            "ingress.2214680975.ipv6_cidr_blocks.#": "0",
                            "ingress.2214680975.prefix_list_ids.#": "0",
                            "ingress.2214680975.protocol": "tcp",
                            "ingress.2214680975.security_groups.#": "0",
                            "ingress.2214680975.self": "false",
                            "ingress.2214680975.to_port": "80",
                            "ingress.2617001939.cidr_blocks.#": "1",
                            "ingress.2617001939.cidr_blocks.0": "0.0.0.0/0",
                            "ingress.2617001939.description": "",
                            "ingress.2617001939.from_port": "443",
                            "ingress.2617001939.ipv6_cidr_blocks.#": "0",
                            "ingress.2617001939.prefix_list_ids.#": "0",
                            "ingress.2617001939.protocol": "tcp",
                            "ingress.2617001939.security_groups.#": "0",
                            "ingress.2617001939.self": "false",
                            "ingress.2617001939.to_port": "443",
                            "name": "Web traffic",
                            "owner_id": "101584550521",
                            "revoke_rules_on_delete": "false",
                            "tags.%": "1",
                            "tags.Name": "Web Server SG",
                            "vpc_id": "vpc-0138a08e80c788fdc"
                        },
                        "meta": {
                            "e2bfb730-ecaa-11e6-8f88-34363bc7c4c0": {
                                "create": 600000000000,
                                "delete": 600000000000
                            },
                            "schema_version": "1"
                        },
                        "tainted": false
                    },
                    "deposed": [],
                    "provider": "provider.aws"
                },
                "aws_subnet.private1": {
                    "type": "aws_subnet",
                    "depends_on": [
                        "aws_vpc.vpc"
                    ],
                    "primary": {
                        "id": "subnet-0518714e2f9308d6e",
                        "attributes": {
                            "arn": "arn:aws:ec2:us-east-1:101584550521:subnet/subnet-0518714e2f9308d6e",
                            "assign_ipv6_address_on_creation": "false",
                            "availability_zone": "us-east-1a",
                            "cidr_block": "10.0.128.0/18",
                            "id": "subnet-0518714e2f9308d6e",
                            "map_public_ip_on_launch": "false",
                            "tags.%": "1",
                            "tags.Name": "Dawa 1st Private Subnet",
                            "vpc_id": "vpc-0138a08e80c788fdc"
                        },
                        "meta": {
                            "e2bfb730-ecaa-11e6-8f88-34363bc7c4c0": {
                                "create": 600000000000,
                                "delete": 600000000000
                            },
                            "schema_version": "1"
                        },
                        "tainted": false
                    },
                    "deposed": [],
                    "provider": "provider.aws"
                },
                "aws_subnet.private2": {
                    "type": "aws_subnet",
                    "depends_on": [
                        "aws_vpc.vpc"
                    ],
                    "primary": {
                        "id": "subnet-0e6e0c7d9a7ab67a1",
                        "attributes": {
                            "arn": "arn:aws:ec2:us-east-1:101584550521:subnet/subnet-0e6e0c7d9a7ab67a1",
                            "assign_ipv6_address_on_creation": "false",
                            "availability_zone": "us-east-1a",
                            "cidr_block": "10.0.192.0/18",
                            "id": "subnet-0e6e0c7d9a7ab67a1",
                            "map_public_ip_on_launch": "false",
                            "tags.%": "1",
                            "tags.Name": "Dawa 2nd private Subnet",
                            "vpc_id": "vpc-0138a08e80c788fdc"
                        },
                        "meta": {
                            "e2bfb730-ecaa-11e6-8f88-34363bc7c4c0": {
                                "create": 600000000000,
                                "delete": 600000000000
                            },
                            "schema_version": "1"
                        },
                        "tainted": false
                    },
                    "deposed": [],
                    "provider": "provider.aws"
                },
                "aws_subnet.public1": {
                    "type": "aws_subnet",
                    "depends_on": [
                        "aws_vpc.vpc"
                    ],
                    "primary": {
                        "id": "subnet-025e304d59cf223dd",
                        "attributes": {
                            "arn": "arn:aws:ec2:us-east-1:101584550521:subnet/subnet-025e304d59cf223dd",
                            "assign_ipv6_address_on_creation": "false",
                            "availability_zone": "us-east-1a",
                            "cidr_block": "10.0.0.0/18",
                            "id": "subnet-025e304d59cf223dd",
                            "map_public_ip_on_launch": "false",
                            "tags.%": "1",
                            "tags.Name": "Dawa Web Servers Subnet",
                            "vpc_id": "vpc-0138a08e80c788fdc"
                        },
                        "meta": {
                            "e2bfb730-ecaa-11e6-8f88-34363bc7c4c0": {
                                "create": 600000000000,
                                "delete": 600000000000
                            },
                            "schema_version": "1"
                        },
                        "tainted": false
                    },
                    "deposed": [],
                    "provider": "provider.aws"
                },
                "aws_subnet.public2": {
                    "type": "aws_subnet",
                    "depends_on": [
                        "aws_vpc.vpc"
                    ],
                    "primary": {
                        "id": "subnet-04b5f6104a0de178b",
                        "attributes": {
                            "arn": "arn:aws:ec2:us-east-1:101584550521:subnet/subnet-04b5f6104a0de178b",
                            "assign_ipv6_address_on_creation": "false",
                            "availability_zone": "us-east-1b",
                            "cidr_block": "10.0.64.0/18",
                            "id": "subnet-04b5f6104a0de178b",
                            "map_public_ip_on_launch": "false",
                            "tags.%": "1",
                            "tags.Name": "Dawa Web Servers Subnet",
                            "vpc_id": "vpc-0138a08e80c788fdc"
                        },
                        "meta": {
                            "e2bfb730-ecaa-11e6-8f88-34363bc7c4c0": {
                                "create": 600000000000,
                                "delete": 600000000000
                            },
                            "schema_version": "1"
                        },
                        "tainted": false
                    },
                    "deposed": [],
                    "provider": "provider.aws"
                },
                "aws_vpc.vpc": {
                    "type": "aws_vpc",
                    "depends_on": [],
                    "primary": {
                        "id": "vpc-0138a08e80c788fdc",
                        "attributes": {
                            "arn": "arn:aws:ec2:us-east-1:101584550521:vpc/vpc-0138a08e80c788fdc",
                            "assign_generated_ipv6_cidr_block": "false",
                            "cidr_block": "10.0.0.0/16",
                            "default_network_acl_id": "acl-0e95e51a612779871",
                            "default_route_table_id": "rtb-0356db7e8088a048a",
                            "default_security_group_id": "sg-0f820cf4b4d5a8c80",
                            "dhcp_options_id": "dopt-d9a6d8bc",
                            "enable_classiclink": "false",
                            "enable_classiclink_dns_support": "false",
                            "enable_dns_hostnames": "true",
                            "enable_dns_support": "true",
                            "id": "vpc-0138a08e80c788fdc",
                            "instance_tenancy": "default",
                            "main_route_table_id": "rtb-0356db7e8088a048a",
                            "tags.%": "1",
                            "tags.Name": "Dawa VPC"
                        },
                        "meta": {
                            "schema_version": "1"
                        },
                        "tainted": false
                    },
                    "deposed": [],
                    "provider": "provider.aws"
                },
                "data.aws_iam_policy_document.trust-assume-role-policy": {
                    "type": "aws_iam_policy_document",
                    "depends_on": [],
                    "primary": {
                        "id": "1828904880",
                        "attributes": {
                            "id": "1828904880",
                            "json": "{\n  \"Version\": \"2012-10-17\",\n  \"Statement\": [\n    {\n      \"Sid\": \"\",\n      \"Effect\": \"Allow\",\n      \"Action\": [\n        \"logs:PutLogEvents\",\n        \"logs:CreateLogStream\",\n        \"ecs:Submit*\",\n        \"ecs:StartTelemetrySession\",\n        \"ecs:RegisterContainerInstance\",\n        \"ecs:Poll\",\n        \"ecs:DiscoverPollEndpoint\",\n        \"ecs:DeregisterContainerInstance\",\n        \"ecr:GetDownloadUrlForLayer\",\n        \"ecr:GetAuthorizationToken\",\n        \"ecr:BatchGetImage\",\n        \"ecr:BatchCheckLayerAvailability\"\n      ]\n    }\n  ]\n}",
                            "statement.#": "1",
                            "statement.0.actions.#": "12",
                            "statement.0.actions.1556823005": "ecs:DiscoverPollEndpoint",
                            "statement.0.actions.1813900036": "ecr:BatchCheckLayerAvailability",
                            "statement.0.actions.2610373158": "ecr:GetDownloadUrlForLayer",
                            "statement.0.actions.2847989156": "ecs:RegisterContainerInstance",
                            "statement.0.actions.3022016053": "ecs:Poll",
                            "statement.0.actions.3285979848": "logs:CreateLogStream",
                            "statement.0.actions.3752287614": "ecr:GetAuthorizationToken",
                            "statement.0.actions.3930434082": "ecs:DeregisterContainerInstance",
                            "statement.0.actions.39743051": "logs:PutLogEvents",
                            "statement.0.actions.4035422284": "ecs:StartTelemetrySession",
                            "statement.0.actions.4234869000": "ecr:BatchGetImage",
                            "statement.0.actions.782373524": "ecs:Submit*",
                            "statement.0.condition.#": "0",
                            "statement.0.effect": "Allow",
                            "statement.0.not_actions.#": "0",
                            "statement.0.not_principals.#": "0",
                            "statement.0.not_resources.#": "0",
                            "statement.0.principals.#": "0",
                            "statement.0.resources.#": "0",
                            "statement.0.sid": ""
                        },
                        "meta": {},
                        "tainted": false
                    },
                    "deposed": [],
                    "provider": "provider.aws"
                }
            },
            "depends_on": []
        }
    ]
}
