{
    "version": 3,
    "terraform_version": "0.11.10",
    "serial": 69,
    "lineage": "b4484ec9-7d9c-1eef-d0d5-3e9e27dbd4b6",
    "modules": [
        {
            "path": [
                "root"
            ],
            "outputs": {},
            "resources": {
                "aws_autoscaling_attachment.webserver_attachement": {
                    "type": "aws_autoscaling_attachment",
                    "depends_on": [
                        "aws_autoscaling_group.webservers",
                        "aws_lb_target_group.webservers"
                    ],
                    "primary": {
                        "id": "webservers-20181105235551231000000002",
                        "attributes": {
                            "alb_target_group_arn": "arn:aws:elasticloadbalancing:us-east-1:101584550521:targetgroup/web-20181105235547171100000001/b9dc765eab18514b",
                            "autoscaling_group_name": "webservers",
                            "id": "webservers-20181105235551231000000002"
                        },
                        "meta": {},
                        "tainted": false
                    },
                    "deposed": [],
                    "provider": "provider.aws"
                },
                "aws_autoscaling_group.machines": {
                    "type": "aws_autoscaling_group",
                    "depends_on": [
                        "aws_launch_configuration.worker-machine",
                        "aws_placement_group.spread",
                        "aws_subnet.private1",
                        "aws_subnet.private2"
                    ],
                    "primary": {
                        "id": "Machine Servers",
                        "attributes": {
                            "arn": "arn:aws:autoscaling:us-east-1:101584550521:autoScalingGroup:e82a6991-b484-4c83-8694-564d84bb8161:autoScalingGroupName/Machine Servers",
                            "availability_zones.#": "1",
                            "availability_zones.3569565595": "us-east-1a",
                            "default_cooldown": "300",
                            "desired_capacity": "2",
                            "enabled_metrics.#": "0",
                            "force_delete": "false",
                            "health_check_grace_period": "300",
                            "health_check_type": "EC2",
                            "id": "Machine Servers",
                            "launch_configuration": "dawa-backend-server-20181105231254190200000002",
                            "launch_template.#": "0",
                            "load_balancers.#": "0",
                            "max_size": "5",
                            "metrics_granularity": "1Minute",
                            "min_size": "2",
                            "name": "Machine Servers",
                            "placement_group": "Spread Servers",
                            "protect_from_scale_in": "false",
                            "service_linked_role_arn": "arn:aws:iam::101584550521:role/aws-service-role/autoscaling.amazonaws.com/AWSServiceRoleForAutoScaling",
                            "suspended_processes.#": "0",
                            "tag.#": "0",
                            "target_group_arns.#": "0",
                            "termination_policies.#": "0",
                            "vpc_zone_identifier.#": "2",
                            "vpc_zone_identifier.2492872264": "subnet-048adc32fd8ff146a",
                            "vpc_zone_identifier.2767040735": "subnet-0f1357c0b2c85ce85",
                            "wait_for_capacity_timeout": "10m"
                        },
                        "meta": {
                            "e2bfb730-ecaa-11e6-8f88-34363bc7c4c0": {
                                "delete": 600000000000
                            }
                        },
                        "tainted": false
                    },
                    "deposed": [],
                    "provider": "provider.aws"
                },
                "aws_autoscaling_group.webservers": {
                    "type": "aws_autoscaling_group",
                    "depends_on": [
                        "aws_launch_configuration.web-machine",
                        "aws_placement_group.spread",
                        "aws_subnet.public1",
                        "aws_subnet.public2"
                    ],
                    "primary": {
                        "id": "webservers",
                        "attributes": {
                            "arn": "arn:aws:autoscaling:us-east-1:101584550521:autoScalingGroup:60da39b2-4db9-40a6-89d5-db93dc2bd3ae:autoScalingGroupName/webservers",
                            "availability_zones.#": "2",
                            "availability_zones.1305112097": "us-east-1b",
                            "availability_zones.3569565595": "us-east-1a",
                            "default_cooldown": "300",
                            "desired_capacity": "4",
                            "enabled_metrics.#": "0",
                            "force_delete": "false",
                            "health_check_grace_period": "300",
                            "health_check_type": "EC2",
                            "id": "webservers",
                            "launch_configuration": "dawa-web-server-20181105231254095200000001",
                            "launch_template.#": "0",
                            "load_balancers.#": "0",
                            "max_size": "4",
                            "metrics_granularity": "1Minute",
                            "min_size": "4",
                            "name": "webservers",
                            "placement_group": "Spread Servers",
                            "protect_from_scale_in": "false",
                            "service_linked_role_arn": "arn:aws:iam::101584550521:role/aws-service-role/autoscaling.amazonaws.com/AWSServiceRoleForAutoScaling",
                            "suspended_processes.#": "0",
                            "tag.#": "0",
                            "target_group_arns.#": "1",
                            "target_group_arns.2033618701": "arn:aws:elasticloadbalancing:us-east-1:101584550521:targetgroup/web-20181105235547171100000001/b9dc765eab18514b",
                            "termination_policies.#": "0",
                            "vpc_zone_identifier.#": "2",
                            "vpc_zone_identifier.3117736627": "subnet-0621ba9cf38084048",
                            "vpc_zone_identifier.602356165": "subnet-0fd7effb8f5e624b2",
                            "wait_for_capacity_timeout": "10m"
                        },
                        "meta": {
                            "e2bfb730-ecaa-11e6-8f88-34363bc7c4c0": {
                                "delete": 600000000000
                            }
                        },
                        "tainted": false
                    },
                    "deposed": [],
                    "provider": "provider.aws"
                },
                "aws_ecs_cluster.ecs-preprod": {
                    "type": "aws_ecs_cluster",
                    "depends_on": [],
                    "primary": {
                        "id": "arn:aws:ecs:us-east-1:101584550521:cluster/dawa-preprod",
                        "attributes": {
                            "arn": "arn:aws:ecs:us-east-1:101584550521:cluster/dawa-preprod",
                            "id": "arn:aws:ecs:us-east-1:101584550521:cluster/dawa-preprod",
                            "name": "dawa-preprod"
                        },
                        "meta": {},
                        "tainted": false
                    },
                    "deposed": [],
                    "provider": "provider.aws"
                },
                "aws_internet_gateway.InternetGateway": {
                    "type": "aws_internet_gateway",
                    "depends_on": [
                        "aws_vpc.vpc"
                    ],
                    "primary": {
                        "id": "igw-0993a0104c01b9f3d",
                        "attributes": {
                            "id": "igw-0993a0104c01b9f3d",
                            "tags.%": "1",
                            "tags.Name": "Dawa IG",
                            "vpc_id": "vpc-0a2c107fc323a979f"
                        },
                        "meta": {},
                        "tainted": false
                    },
                    "deposed": [],
                    "provider": "provider.aws"
                },
                "aws_launch_configuration.web-machine": {
                    "type": "aws_launch_configuration",
                    "depends_on": [
                        "aws_security_group.admin",
                        "aws_security_group.localtraffic",
                        "aws_security_group.web"
                    ],
                    "primary": {
                        "id": "dawa-web-server-20181105231254095200000001",
                        "attributes": {
                            "associate_public_ip_address": "false",
                            "ebs_block_device.#": "0",
                            "ebs_optimized": "false",
                            "enable_monitoring": "true",
                            "ephemeral_block_device.#": "0",
                            "iam_instance_profile": "",
                            "id": "dawa-web-server-20181105231254095200000001",
                            "image_id": "ami-050202fb72f001b47",
                            "instance_type": "t2.micro",
                            "key_name": "Dawa",
                            "name": "dawa-web-server-20181105231254095200000001",
                            "name_prefix": "dawa-web-server-",
                            "root_block_device.#": "0",
                            "security_groups.#": "3",
                            "security_groups.2173817556": "sg-0d75a020f55eebc61",
                            "security_groups.642807812": "sg-014c83288192a2c88",
                            "security_groups.764309004": "sg-0b80559c5e79c3978",
                            "spot_price": "",
                            "vpc_classic_link_id": "",
                            "vpc_classic_link_security_groups.#": "0"
                        },
                        "meta": {},
                        "tainted": false
                    },
                    "deposed": [],
                    "provider": "provider.aws"
                },
                "aws_launch_configuration.worker-machine": {
                    "type": "aws_launch_configuration",
                    "depends_on": [
                        "aws_security_group.localtraffic"
                    ],
                    "primary": {
                        "id": "dawa-backend-server-20181105231254190200000002",
                        "attributes": {
                            "associate_public_ip_address": "false",
                            "ebs_block_device.#": "0",
                            "ebs_optimized": "false",
                            "enable_monitoring": "true",
                            "ephemeral_block_device.#": "0",
                            "iam_instance_profile": "",
                            "id": "dawa-backend-server-20181105231254190200000002",
                            "image_id": "ami-01b701d1a348a0d00",
                            "instance_type": "t2.micro",
                            "key_name": "Dawa",
                            "name": "dawa-backend-server-20181105231254190200000002",
                            "name_prefix": "dawa-backend-server-",
                            "root_block_device.#": "0",
                            "security_groups.#": "1",
                            "security_groups.764309004": "sg-0b80559c5e79c3978",
                            "spot_price": "",
                            "vpc_classic_link_id": "",
                            "vpc_classic_link_security_groups.#": "0"
                        },
                        "meta": {},
                        "tainted": false
                    },
                    "deposed": [],
                    "provider": "provider.aws"
                },
                "aws_lb.web": {
                    "type": "aws_lb",
                    "depends_on": [
                        "aws_subnet.public1",
                        "aws_subnet.public2"
                    ],
                    "primary": {
                        "id": "arn:aws:elasticloadbalancing:us-east-1:101584550521:loadbalancer/app/web/4566ad56d028eb22",
                        "attributes": {
                            "access_logs.#": "0",
                            "arn": "arn:aws:elasticloadbalancing:us-east-1:101584550521:loadbalancer/app/web/4566ad56d028eb22",
                            "arn_suffix": "app/web/4566ad56d028eb22",
                            "dns_name": "web-1090739849.us-east-1.elb.amazonaws.com",
                            "enable_deletion_protection": "false",
                            "enable_http2": "true",
                            "id": "arn:aws:elasticloadbalancing:us-east-1:101584550521:loadbalancer/app/web/4566ad56d028eb22",
                            "idle_timeout": "60",
                            "internal": "false",
                            "ip_address_type": "ipv4",
                            "load_balancer_type": "application",
                            "name": "web",
                            "security_groups.#": "1",
                            "security_groups.1784888349": "sg-0ac15f9ad32fb943b",
                            "subnet_mapping.#": "0",
                            "subnets.#": "2",
                            "subnets.3117736627": "subnet-0621ba9cf38084048",
                            "subnets.602356165": "subnet-0fd7effb8f5e624b2",
                            "tags.%": "1",
                            "tags.Name": "Web traffic Lb",
                            "vpc_id": "vpc-0a2c107fc323a979f",
                            "zone_id": "Z35SXDOTRQ7X7K"
                        },
                        "meta": {
                            "e2bfb730-ecaa-11e6-8f88-34363bc7c4c0": {
                                "create": 600000000000,
                                "delete": 600000000000,
                                "update": 600000000000
                            }
                        },
                        "tainted": false
                    },
                    "deposed": [],
                    "provider": "provider.aws"
                },
                "aws_lb_listener.web": {
                    "type": "aws_lb_listener",
                    "depends_on": [
                        "aws_lb.web",
                        "aws_lb_target_group.webservers"
                    ],
                    "primary": {
                        "id": "arn:aws:elasticloadbalancing:us-east-1:101584550521:listener/app/web/4566ad56d028eb22/805c8d730fb12063",
                        "attributes": {
                            "arn": "arn:aws:elasticloadbalancing:us-east-1:101584550521:listener/app/web/4566ad56d028eb22/805c8d730fb12063",
                            "default_action.#": "1",
                            "default_action.0.authenticate_cognito.#": "0",
                            "default_action.0.authenticate_oidc.#": "0",
                            "default_action.0.fixed_response.#": "0",
                            "default_action.0.order": "1",
                            "default_action.0.redirect.#": "0",
                            "default_action.0.target_group_arn": "arn:aws:elasticloadbalancing:us-east-1:101584550521:targetgroup/web-20181105235547171100000001/b9dc765eab18514b",
                            "default_action.0.type": "forward",
                            "id": "arn:aws:elasticloadbalancing:us-east-1:101584550521:listener/app/web/4566ad56d028eb22/805c8d730fb12063",
                            "load_balancer_arn": "arn:aws:elasticloadbalancing:us-east-1:101584550521:loadbalancer/app/web/4566ad56d028eb22",
                            "port": "80",
                            "protocol": "HTTP",
                            "ssl_policy": ""
                        },
                        "meta": {
                            "e2bfb730-ecaa-11e6-8f88-34363bc7c4c0": {
                                "read": 600000000000
                            }
                        },
                        "tainted": false
                    },
                    "deposed": [],
                    "provider": "provider.aws"
                },
                "aws_lb_target_group.webservers": {
                    "type": "aws_lb_target_group",
                    "depends_on": [],
                    "primary": {
                        "id": "arn:aws:elasticloadbalancing:us-east-1:101584550521:targetgroup/web-20181105235547171100000001/b9dc765eab18514b",
                        "attributes": {
                            "arn": "arn:aws:elasticloadbalancing:us-east-1:101584550521:targetgroup/web-20181105235547171100000001/b9dc765eab18514b",
                            "arn_suffix": "targetgroup/web-20181105235547171100000001/b9dc765eab18514b",
                            "deregistration_delay": "300",
                            "health_check.#": "1",
                            "health_check.0.healthy_threshold": "5",
                            "health_check.0.interval": "30",
                            "health_check.0.matcher": "200",
                            "health_check.0.path": "/",
                            "health_check.0.port": "traffic-port",
                            "health_check.0.protocol": "HTTP",
                            "health_check.0.timeout": "5",
                            "health_check.0.unhealthy_threshold": "2",
                            "id": "arn:aws:elasticloadbalancing:us-east-1:101584550521:targetgroup/web-20181105235547171100000001/b9dc765eab18514b",
                            "name": "web-20181105235547171100000001",
                            "name_prefix": "web-",
                            "port": "80",
                            "protocol": "HTTP",
                            "proxy_protocol_v2": "false",
                            "slow_start": "0",
                            "stickiness.#": "1",
                            "stickiness.0.cookie_duration": "86400",
                            "stickiness.0.enabled": "false",
                            "stickiness.0.type": "lb_cookie",
                            "tags.%": "0",
                            "target_type": "instance",
                            "vpc_id": "vpc-0a2c107fc323a979f"
                        },
                        "meta": {},
                        "tainted": false
                    },
                    "deposed": [],
                    "provider": "provider.aws"
                },
                "aws_placement_group.spread": {
                    "type": "aws_placement_group",
                    "depends_on": [],
                    "primary": {
                        "id": "Spread Servers",
                        "attributes": {
                            "id": "Spread Servers",
                            "name": "Spread Servers",
                            "strategy": "spread"
                        },
                        "meta": {},
                        "tainted": false
                    },
                    "deposed": [],
                    "provider": "provider.aws"
                },
                "aws_route_table.web": {
                    "type": "aws_route_table",
                    "depends_on": [
                        "aws_internet_gateway.InternetGateway",
                        "aws_vpc.vpc"
                    ],
                    "primary": {
                        "id": "rtb-0bee7f0bd2fb445f9",
                        "attributes": {
                            "id": "rtb-0bee7f0bd2fb445f9",
                            "propagating_vgws.#": "0",
                            "route.#": "1",
                            "route.53186220.cidr_block": "0.0.0.0/0",
                            "route.53186220.egress_only_gateway_id": "",
                            "route.53186220.gateway_id": "igw-0993a0104c01b9f3d",
                            "route.53186220.instance_id": "",
                            "route.53186220.ipv6_cidr_block": "",
                            "route.53186220.nat_gateway_id": "",
                            "route.53186220.network_interface_id": "",
                            "route.53186220.vpc_peering_connection_id": "",
                            "tags.%": "0",
                            "vpc_id": "vpc-0a2c107fc323a979f"
                        },
                        "meta": {},
                        "tainted": false
                    },
                    "deposed": [],
                    "provider": "provider.aws"
                },
                "aws_route_table_association.route-association1": {
                    "type": "aws_route_table_association",
                    "depends_on": [
                        "aws_route_table.web",
                        "aws_subnet.public1"
                    ],
                    "primary": {
                        "id": "rtbassoc-008cba4a2a44dceb0",
                        "attributes": {
                            "id": "rtbassoc-008cba4a2a44dceb0",
                            "route_table_id": "rtb-0bee7f0bd2fb445f9",
                            "subnet_id": "subnet-0621ba9cf38084048"
                        },
                        "meta": {},
                        "tainted": false
                    },
                    "deposed": [],
                    "provider": "provider.aws"
                },
                "aws_route_table_association.route-association2": {
                    "type": "aws_route_table_association",
                    "depends_on": [
                        "aws_route_table.web",
                        "aws_subnet.public2"
                    ],
                    "primary": {
                        "id": "rtbassoc-0ce21bd88f01b9682",
                        "attributes": {
                            "id": "rtbassoc-0ce21bd88f01b9682",
                            "route_table_id": "rtb-0bee7f0bd2fb445f9",
                            "subnet_id": "subnet-0fd7effb8f5e624b2"
                        },
                        "meta": {},
                        "tainted": false
                    },
                    "deposed": [],
                    "provider": "provider.aws"
                },
                "aws_security_group.admin": {
                    "type": "aws_security_group",
                    "depends_on": [
                        "aws_vpc.vpc"
                    ],
                    "primary": {
                        "id": "sg-0d75a020f55eebc61",
                        "attributes": {
                            "arn": "arn:aws:ec2:us-east-1:101584550521:security-group/sg-0d75a020f55eebc61",
                            "description": "Managed by Terraform",
                            "egress.#": "0",
                            "id": "sg-0d75a020f55eebc61",
                            "ingress.#": "2",
                            "ingress.1799340084.cidr_blocks.#": "1",
                            "ingress.1799340084.cidr_blocks.0": "0.0.0.0/0",
                            "ingress.1799340084.description": "",
                            "ingress.1799340084.from_port": "-1",
                            "ingress.1799340084.ipv6_cidr_blocks.#": "0",
                            "ingress.1799340084.prefix_list_ids.#": "0",
                            "ingress.1799340084.protocol": "icmp",
                            "ingress.1799340084.security_groups.#": "0",
                            "ingress.1799340084.self": "false",
                            "ingress.1799340084.to_port": "-1",
                            "ingress.2223400681.cidr_blocks.#": "1",
                            "ingress.2223400681.cidr_blocks.0": "0.0.0.0/0",
                            "ingress.2223400681.description": "",
                            "ingress.2223400681.from_port": "3389",
                            "ingress.2223400681.ipv6_cidr_blocks.#": "0",
                            "ingress.2223400681.prefix_list_ids.#": "0",
                            "ingress.2223400681.protocol": "tcp",
                            "ingress.2223400681.security_groups.#": "0",
                            "ingress.2223400681.self": "false",
                            "ingress.2223400681.to_port": "3389",
                            "name": "Admin traffic",
                            "owner_id": "101584550521",
                            "revoke_rules_on_delete": "false",
                            "tags.%": "1",
                            "tags.Name": "Admin SG",
                            "vpc_id": "vpc-0a2c107fc323a979f"
                        },
                        "meta": {
                            "e2bfb730-ecaa-11e6-8f88-34363bc7c4c0": {
                                "create": 600000000000,
                                "delete": 600000000000
                            },
                            "schema_version": "1"
                        },
                        "tainted": false
                    },
                    "deposed": [],
                    "provider": "provider.aws"
                },
                "aws_security_group.localtraffic": {
                    "type": "aws_security_group",
                    "depends_on": [
                        "aws_vpc.vpc"
                    ],
                    "primary": {
                        "id": "sg-0b80559c5e79c3978",
                        "attributes": {
                            "arn": "arn:aws:ec2:us-east-1:101584550521:security-group/sg-0b80559c5e79c3978",
                            "description": "Managed by Terraform",
                            "egress.#": "2",
                            "egress.1960698028.cidr_blocks.#": "1",
                            "egress.1960698028.cidr_blocks.0": "10.0.0.0/16",
                            "egress.1960698028.description": "",
                            "egress.1960698028.from_port": "0",
                            "egress.1960698028.ipv6_cidr_blocks.#": "0",
                            "egress.1960698028.prefix_list_ids.#": "0",
                            "egress.1960698028.protocol": "-1",
                            "egress.1960698028.security_groups.#": "0",
                            "egress.1960698028.self": "false",
                            "egress.1960698028.to_port": "0",
                            "egress.482069346.cidr_blocks.#": "1",
                            "egress.482069346.cidr_blocks.0": "0.0.0.0/0",
                            "egress.482069346.description": "",
                            "egress.482069346.from_port": "0",
                            "egress.482069346.ipv6_cidr_blocks.#": "0",
                            "egress.482069346.prefix_list_ids.#": "0",
                            "egress.482069346.protocol": "-1",
                            "egress.482069346.security_groups.#": "0",
                            "egress.482069346.self": "false",
                            "egress.482069346.to_port": "0",
                            "id": "sg-0b80559c5e79c3978",
                            "ingress.#": "1",
                            "ingress.1960698028.cidr_blocks.#": "1",
                            "ingress.1960698028.cidr_blocks.0": "10.0.0.0/16",
                            "ingress.1960698028.description": "",
                            "ingress.1960698028.from_port": "0",
                            "ingress.1960698028.ipv6_cidr_blocks.#": "0",
                            "ingress.1960698028.prefix_list_ids.#": "0",
                            "ingress.1960698028.protocol": "-1",
                            "ingress.1960698028.security_groups.#": "0",
                            "ingress.1960698028.self": "false",
                            "ingress.1960698028.to_port": "0",
                            "name": "Local  allowed",
                            "owner_id": "101584550521",
                            "revoke_rules_on_delete": "false",
                            "tags.%": "1",
                            "tags.Name": "Local",
                            "vpc_id": "vpc-0a2c107fc323a979f"
                        },
                        "meta": {
                            "e2bfb730-ecaa-11e6-8f88-34363bc7c4c0": {
                                "create": 600000000000,
                                "delete": 600000000000
                            },
                            "schema_version": "1"
                        },
                        "tainted": false
                    },
                    "deposed": [],
                    "provider": "provider.aws"
                },
                "aws_security_group.web": {
                    "type": "aws_security_group",
                    "depends_on": [
                        "aws_vpc.vpc"
                    ],
                    "primary": {
                        "id": "sg-014c83288192a2c88",
                        "attributes": {
                            "arn": "arn:aws:ec2:us-east-1:101584550521:security-group/sg-014c83288192a2c88",
                            "description": "Managed by Terraform",
                            "egress.#": "0",
                            "id": "sg-014c83288192a2c88",
                            "ingress.#": "2",
                            "ingress.2214680975.cidr_blocks.#": "1",
                            "ingress.2214680975.cidr_blocks.0": "0.0.0.0/0",
                            "ingress.2214680975.description": "",
                            "ingress.2214680975.from_port": "80",
                            "ingress.2214680975.ipv6_cidr_blocks.#": "0",
                            "ingress.2214680975.prefix_list_ids.#": "0",
                            "ingress.2214680975.protocol": "tcp",
                            "ingress.2214680975.security_groups.#": "0",
                            "ingress.2214680975.self": "false",
                            "ingress.2214680975.to_port": "80",
                            "ingress.2617001939.cidr_blocks.#": "1",
                            "ingress.2617001939.cidr_blocks.0": "0.0.0.0/0",
                            "ingress.2617001939.description": "",
                            "ingress.2617001939.from_port": "443",
                            "ingress.2617001939.ipv6_cidr_blocks.#": "0",
                            "ingress.2617001939.prefix_list_ids.#": "0",
                            "ingress.2617001939.protocol": "tcp",
                            "ingress.2617001939.security_groups.#": "0",
                            "ingress.2617001939.self": "false",
                            "ingress.2617001939.to_port": "443",
                            "name": "Web traffic",
                            "owner_id": "101584550521",
                            "revoke_rules_on_delete": "false",
                            "tags.%": "1",
                            "tags.Name": "Web Server SG",
                            "vpc_id": "vpc-0a2c107fc323a979f"
                        },
                        "meta": {
                            "e2bfb730-ecaa-11e6-8f88-34363bc7c4c0": {
                                "create": 600000000000,
                                "delete": 600000000000
                            },
                            "schema_version": "1"
                        },
                        "tainted": false
                    },
                    "deposed": [],
                    "provider": "provider.aws"
                },
                "aws_subnet.private1": {
                    "type": "aws_subnet",
                    "depends_on": [
                        "aws_vpc.vpc"
                    ],
                    "primary": {
                        "id": "subnet-0f1357c0b2c85ce85",
                        "attributes": {
                            "arn": "arn:aws:ec2:us-east-1:101584550521:subnet/subnet-0f1357c0b2c85ce85",
                            "assign_ipv6_address_on_creation": "false",
                            "availability_zone": "us-east-1a",
                            "cidr_block": "10.0.128.0/18",
                            "id": "subnet-0f1357c0b2c85ce85",
                            "map_public_ip_on_launch": "false",
                            "tags.%": "1",
                            "tags.Name": "Dawa 1st Private Subnet",
                            "vpc_id": "vpc-0a2c107fc323a979f"
                        },
                        "meta": {
                            "e2bfb730-ecaa-11e6-8f88-34363bc7c4c0": {
                                "create": 600000000000,
                                "delete": 600000000000
                            },
                            "schema_version": "1"
                        },
                        "tainted": false
                    },
                    "deposed": [],
                    "provider": "provider.aws"
                },
                "aws_subnet.private2": {
                    "type": "aws_subnet",
                    "depends_on": [
                        "aws_vpc.vpc"
                    ],
                    "primary": {
                        "id": "subnet-048adc32fd8ff146a",
                        "attributes": {
                            "arn": "arn:aws:ec2:us-east-1:101584550521:subnet/subnet-048adc32fd8ff146a",
                            "assign_ipv6_address_on_creation": "false",
                            "availability_zone": "us-east-1a",
                            "cidr_block": "10.0.192.0/18",
                            "id": "subnet-048adc32fd8ff146a",
                            "map_public_ip_on_launch": "false",
                            "tags.%": "1",
                            "tags.Name": "Dawa 2nd private Subnet",
                            "vpc_id": "vpc-0a2c107fc323a979f"
                        },
                        "meta": {
                            "e2bfb730-ecaa-11e6-8f88-34363bc7c4c0": {
                                "create": 600000000000,
                                "delete": 600000000000
                            },
                            "schema_version": "1"
                        },
                        "tainted": false
                    },
                    "deposed": [],
                    "provider": "provider.aws"
                },
                "aws_subnet.public1": {
                    "type": "aws_subnet",
                    "depends_on": [
                        "aws_vpc.vpc"
                    ],
                    "primary": {
                        "id": "subnet-0621ba9cf38084048",
                        "attributes": {
                            "arn": "arn:aws:ec2:us-east-1:101584550521:subnet/subnet-0621ba9cf38084048",
                            "assign_ipv6_address_on_creation": "false",
                            "availability_zone": "us-east-1a",
                            "cidr_block": "10.0.0.0/18",
                            "id": "subnet-0621ba9cf38084048",
                            "map_public_ip_on_launch": "false",
                            "tags.%": "1",
                            "tags.Name": "Dawa Web Servers Subnet",
                            "vpc_id": "vpc-0a2c107fc323a979f"
                        },
                        "meta": {
                            "e2bfb730-ecaa-11e6-8f88-34363bc7c4c0": {
                                "create": 600000000000,
                                "delete": 600000000000
                            },
                            "schema_version": "1"
                        },
                        "tainted": false
                    },
                    "deposed": [],
                    "provider": "provider.aws"
                },
                "aws_subnet.public2": {
                    "type": "aws_subnet",
                    "depends_on": [
                        "aws_vpc.vpc"
                    ],
                    "primary": {
                        "id": "subnet-0fd7effb8f5e624b2",
                        "attributes": {
                            "arn": "arn:aws:ec2:us-east-1:101584550521:subnet/subnet-0fd7effb8f5e624b2",
                            "assign_ipv6_address_on_creation": "false",
                            "availability_zone": "us-east-1b",
                            "cidr_block": "10.0.64.0/18",
                            "id": "subnet-0fd7effb8f5e624b2",
                            "map_public_ip_on_launch": "false",
                            "tags.%": "1",
                            "tags.Name": "Dawa Web Servers Subnet",
                            "vpc_id": "vpc-0a2c107fc323a979f"
                        },
                        "meta": {
                            "e2bfb730-ecaa-11e6-8f88-34363bc7c4c0": {
                                "create": 600000000000,
                                "delete": 600000000000
                            },
                            "schema_version": "1"
                        },
                        "tainted": false
                    },
                    "deposed": [],
                    "provider": "provider.aws"
                },
                "aws_vpc.vpc": {
                    "type": "aws_vpc",
                    "depends_on": [],
                    "primary": {
                        "id": "vpc-0a2c107fc323a979f",
                        "attributes": {
                            "arn": "arn:aws:ec2:us-east-1:101584550521:vpc/vpc-0a2c107fc323a979f",
                            "assign_generated_ipv6_cidr_block": "false",
                            "cidr_block": "10.0.0.0/16",
                            "default_network_acl_id": "acl-0577fb044b87ab773",
                            "default_route_table_id": "rtb-03c3e8e78f13bf6c0",
                            "default_security_group_id": "sg-0ac15f9ad32fb943b",
                            "dhcp_options_id": "dopt-d9a6d8bc",
                            "enable_classiclink": "false",
                            "enable_classiclink_dns_support": "false",
                            "enable_dns_hostnames": "true",
                            "enable_dns_support": "true",
                            "id": "vpc-0a2c107fc323a979f",
                            "instance_tenancy": "default",
                            "main_route_table_id": "rtb-03c3e8e78f13bf6c0",
                            "tags.%": "1",
                            "tags.Name": "Dawa VPC"
                        },
                        "meta": {
                            "schema_version": "1"
                        },
                        "tainted": false
                    },
                    "deposed": [],
                    "provider": "provider.aws"
                }
            },
            "depends_on": []
        }
    ]
}
